// !$*UTF8*$!
{
	archiveVersion = 1;
	classes = {
	};
	objectVersion = 56;
	objects = {

/* Begin PBXBuildFile section */
		7AB0E0E6298BF65C0029CB6C /* AppDelegate.swift in Sources */ = {isa = PBXBuildFile; fileRef = 7AB0E0E5298BF65C0029CB6C /* AppDelegate.swift */; };
		7AB0E0E8298BF65C0029CB6C /* SceneDelegate.swift in Sources */ = {isa = PBXBuildFile; fileRef = 7AB0E0E7298BF65C0029CB6C /* SceneDelegate.swift */; };
		7AB0E0EA298BF65C0029CB6C /* ViewController.swift in Sources */ = {isa = PBXBuildFile; fileRef = 7AB0E0E9298BF65C0029CB6C /* ViewController.swift */; };
		7AB0E0ED298BF65C0029CB6C /* Main.storyboard in Resources */ = {isa = PBXBuildFile; fileRef = 7AB0E0EB298BF65C0029CB6C /* Main.storyboard */; };
		7AB0E0EF298BF65E0029CB6C /* Assets.xcassets in Resources */ = {isa = PBXBuildFile; fileRef = 7AB0E0EE298BF65E0029CB6C /* Assets.xcassets */; };
		7AB0E0F2298BF65E0029CB6C /* LaunchScreen.storyboard in Resources */ = {isa = PBXBuildFile; fileRef = 7AB0E0F0298BF65E0029CB6C /* LaunchScreen.storyboard */; };
		7AB0E0FD298BF65F0029CB6C /* AssertYourselfTests.swift in Sources */ = {isa = PBXBuildFile; fileRef = 7AB0E0FC298BF65F0029CB6C /* AssertYourselfTests.swift */; };
		7AB0E107298BF65F0029CB6C /* AssertYourselfUITests.swift in Sources */ = {isa = PBXBuildFile; fileRef = 7AB0E106298BF65F0029CB6C /* AssertYourselfUITests.swift */; };
		7AB0E109298BF65F0029CB6C /* AssertYourselfUITestsLaunchTests.swift in Sources */ = {isa = PBXBuildFile; fileRef = 7AB0E108298BF65F0029CB6C /* AssertYourselfUITestsLaunchTests.swift */; };
/* End PBXBuildFile section */

/* Begin PBXContainerItemProxy section */
		7AB0E0F9298BF65F0029CB6C /* PBXContainerItemProxy */ = {
			isa = PBXContainerItemProxy;
			containerPortal = 7AB0E0DA298BF65C0029CB6C /* Project object */;
			proxyType = 1;
			remoteGlobalIDString = 7AB0E0E1298BF65C0029CB6C;
			remoteInfo = AssertYourself;
		};
		7AB0E103298BF65F0029CB6C /* PBXContainerItemProxy */ = {
			isa = PBXContainerItemProxy;
			containerPortal = 7AB0E0DA298BF65C0029CB6C /* Project object */;
			proxyType = 1;
			remoteGlobalIDString = 7AB0E0E1298BF65C0029CB6C;
			remoteInfo = AssertYourself;
		};
/* End PBXContainerItemProxy section */

/* Begin PBXFileReference section */
		7AB0E0E2298BF65C0029CB6C /* AssertYourself.app */ = {isa = PBXFileReference; explicitFileType = wrapper.application; includeInIndex = 0; path = AssertYourself.app; sourceTree = BUILT_PRODUCTS_DIR; };
		7AB0E0E5298BF65C0029CB6C /* AppDelegate.swift */ = {isa = PBXFileReference; lastKnownFileType = sourcecode.swift; path = AppDelegate.swift; sourceTree = "<group>"; };
		7AB0E0E7298BF65C0029CB6C /* SceneDelegate.swift */ = {isa = PBXFileReference; lastKnownFileType = sourcecode.swift; path = SceneDelegate.swift; sourceTree = "<group>"; };
		7AB0E0E9298BF65C0029CB6C /* ViewController.swift */ = {isa = PBXFileReference; lastKnownFileType = sourcecode.swift; path = ViewController.swift; sourceTree = "<group>"; };
		7AB0E0EC298BF65C0029CB6C /* Base */ = {isa = PBXFileReference; lastKnownFileType = file.storyboard; name = Base; path = Base.lproj/Main.storyboard; sourceTree = "<group>"; };
		7AB0E0EE298BF65E0029CB6C /* Assets.xcassets */ = {isa = PBXFileReference; lastKnownFileType = folder.assetcatalog; path = Assets.xcassets; sourceTree = "<group>"; };
		7AB0E0F1298BF65E0029CB6C /* Base */ = {isa = PBXFileReference; lastKnownFileType = file.storyboard; name = Base; path = Base.lproj/LaunchScreen.storyboard; sourceTree = "<group>"; };
		7AB0E0F3298BF65E0029CB6C /* Info.plist */ = {isa = PBXFileReference; lastKnownFileType = text.plist.xml; path = Info.plist; sourceTree = "<group>"; };
		7AB0E0F8298BF65F0029CB6C /* AssertYourselfTests.xctest */ = {isa = PBXFileReference; explicitFileType = wrapper.cfbundle; includeInIndex = 0; path = AssertYourselfTests.xctest; sourceTree = BUILT_PRODUCTS_DIR; };
		7AB0E0FC298BF65F0029CB6C /* AssertYourselfTests.swift */ = {isa = PBXFileReference; lastKnownFileType = sourcecode.swift; path = AssertYourselfTests.swift; sourceTree = "<group>"; };
		7AB0E102298BF65F0029CB6C /* AssertYourselfUITests.xctest */ = {isa = PBXFileReference; explicitFileType = wrapper.cfbundle; includeInIndex = 0; path = AssertYourselfUITests.xctest; sourceTree = BUILT_PRODUCTS_DIR; };
		7AB0E106298BF65F0029CB6C /* AssertYourselfUITests.swift */ = {isa = PBXFileReference; lastKnownFileType = sourcecode.swift; path = AssertYourselfUITests.swift; sourceTree = "<group>"; };
		7AB0E108298BF65F0029CB6C /* AssertYourselfUITestsLaunchTests.swift */ = {isa = PBXFileReference; lastKnownFileType = sourcecode.swift; path = AssertYourselfUITestsLaunchTests.swift; sourceTree = "<group>"; };
/* End PBXFileReference section */

/* Begin PBXFrameworksBuildPhase section */
		7AB0E0DF298BF65C0029CB6C /* Frameworks */ = {
			isa = PBXFrameworksBuildPhase;
			buildActionMask = 2147483647;
			files = (
			);
			runOnlyForDeploymentPostprocessing = 0;
		};
		7AB0E0F5298BF65F0029CB6C /* Frameworks */ = {
			isa = PBXFrameworksBuildPhase;
			buildActionMask = 2147483647;
			files = (
			);
			runOnlyForDeploymentPostprocessing = 0;
		};
		7AB0E0FF298BF65F0029CB6C /* Frameworks */ = {
			isa = PBXFrameworksBuildPhase;
			buildActionMask = 2147483647;
			files = (
			);
			runOnlyForDeploymentPostprocessing = 0;
		};
/* End PBXFrameworksBuildPhase section */

/* Begin PBXGroup section */
		7AB0E0D9298BF65C0029CB6C = {
			isa = PBXGroup;
			children = (
				7AB0E0E4298BF65C0029CB6C /* AssertYourself */,
				7AB0E0FB298BF65F0029CB6C /* AssertYourselfTests */,
				7AB0E105298BF65F0029CB6C /* AssertYourselfUITests */,
				7AB0E0E3298BF65C0029CB6C /* Products */,
			);
			sourceTree = "<group>";
		};
		7AB0E0E3298BF65C0029CB6C /* Products */ = {
			isa = PBXGroup;
			children = (
				7AB0E0E2298BF65C0029CB6C /* AssertYourself.app */,
				7AB0E0F8298BF65F0029CB6C /* AssertYourselfTests.xctest */,
				7AB0E102298BF65F0029CB6C /* AssertYourselfUITests.xctest */,
			);
			name = Products;
			sourceTree = "<group>";
		};
		7AB0E0E4298BF65C0029CB6C /* AssertYourself */ = {
			isa = PBXGroup;
			children = (
				7AB0E0E5298BF65C0029CB6C /* AppDelegate.swift */,
				7AB0E0E7298BF65C0029CB6C /* SceneDelegate.swift */,
				7AB0E0E9298BF65C0029CB6C /* ViewController.swift */,
				7AB0E0EB298BF65C0029CB6C /* Main.storyboard */,
				7AB0E0EE298BF65E0029CB6C /* Assets.xcassets */,
				7AB0E0F0298BF65E0029CB6C /* LaunchScreen.storyboard */,
				7AB0E0F3298BF65E0029CB6C /* Info.plist */,
			);
			path = AssertYourself;
			sourceTree = "<group>";
		};
		7AB0E0FB298BF65F0029CB6C /* AssertYourselfTests */ = {
			isa = PBXGroup;
			children = (
				7AB0E0FC298BF65F0029CB6C /* AssertYourselfTests.swift */,
			);
			path = AssertYourselfTests;
			sourceTree = "<group>";
		};
		7AB0E105298BF65F0029CB6C /* AssertYourselfUITests */ = {
			isa = PBXGroup;
			children = (
				7AB0E106298BF65F0029CB6C /* AssertYourselfUITests.swift */,
				7AB0E108298BF65F0029CB6C /* AssertYourselfUITestsLaunchTests.swift */,
			);
			path = AssertYourselfUITests;
			sourceTree = "<group>";
		};
/* End PBXGroup section */

/* Begin PBXNativeTarget section */
		7AB0E0E1298BF65C0029CB6C /* AssertYourself */ = {
			isa = PBXNativeTarget;
			buildConfigurationList = 7AB0E10C298BF65F0029CB6C /* Build configuration list for PBXNativeTarget "AssertYourself" */;
			buildPhases = (
				7AB0E0DE298BF65C0029CB6C /* Sources */,
				7AB0E0DF298BF65C0029CB6C /* Frameworks */,
				7AB0E0E0298BF65C0029CB6C /* Resources */,
			);
			buildRules = (
			);
			dependencies = (
			);
			name = AssertYourself;
			productName = AssertYourself;
			productReference = 7AB0E0E2298BF65C0029CB6C /* AssertYourself.app */;
			productType = "com.apple.product-type.application";
		};
		7AB0E0F7298BF65F0029CB6C /* AssertYourselfTests */ = {
			isa = PBXNativeTarget;
			buildConfigurationList = 7AB0E10F298BF65F0029CB6C /* Build configuration list for PBXNativeTarget "AssertYourselfTests" */;
			buildPhases = (
				7AB0E0F4298BF65F0029CB6C /* Sources */,
				7AB0E0F5298BF65F0029CB6C /* Frameworks */,
				7AB0E0F6298BF65F0029CB6C /* Resources */,
			);
			buildRules = (
			);
			dependencies = (
				7AB0E0FA298BF65F0029CB6C /* PBXTargetDependency */,
			);
			name = AssertYourselfTests;
			productName = AssertYourselfTests;
			productReference = 7AB0E0F8298BF65F0029CB6C /* AssertYourselfTests.xctest */;
			productType = "com.apple.product-type.bundle.unit-test";
		};
		7AB0E101298BF65F0029CB6C /* AssertYourselfUITests */ = {
			isa = PBXNativeTarget;
			buildConfigurationList = 7AB0E112298BF65F0029CB6C /* Build configuration list for PBXNativeTarget "AssertYourselfUITests" */;
			buildPhases = (
				7AB0E0FE298BF65F0029CB6C /* Sources */,
				7AB0E0FF298BF65F0029CB6C /* Frameworks */,
				7AB0E100298BF65F0029CB6C /* Resources */,
			);
			buildRules = (
			);
			dependencies = (
				7AB0E104298BF65F0029CB6C /* PBXTargetDependency */,
			);
			name = AssertYourselfUITests;
			productName = AssertYourselfUITests;
			productReference = 7AB0E102298BF65F0029CB6C /* AssertYourselfUITests.xctest */;
			productType = "com.apple.product-type.bundle.ui-testing";
		};
/* End PBXNativeTarget section */

/* Begin PBXProject section */
		7AB0E0DA298BF65C0029CB6C /* Project object */ = {
			isa = PBXProject;
			attributes = {
				BuildIndependentTargetsInParallel = 1;
				LastSwiftUpdateCheck = 1420;
				LastUpgradeCheck = 1420;
				TargetAttributes = {
					7AB0E0E1298BF65C0029CB6C = {
						CreatedOnToolsVersion = 14.2;
					};
					7AB0E0F7298BF65F0029CB6C = {
						CreatedOnToolsVersion = 14.2;
						TestTargetID = 7AB0E0E1298BF65C0029CB6C;
					};
					7AB0E101298BF65F0029CB6C = {
						CreatedOnToolsVersion = 14.2;
						TestTargetID = 7AB0E0E1298BF65C0029CB6C;
					};
				};
			};
			buildConfigurationList = 7AB0E0DD298BF65C0029CB6C /* Build configuration list for PBXProject "AssertYourself" */;
			compatibilityVersion = "Xcode 14.0";
			developmentRegion = en;
			hasScannedForEncodings = 0;
			knownRegions = (
				en,
				Base,
			);
			mainGroup = 7AB0E0D9298BF65C0029CB6C;
			productRefGroup = 7AB0E0E3298BF65C0029CB6C /* Products */;
			projectDirPath = "";
			projectRoot = "";
			targets = (
				7AB0E0E1298BF65C0029CB6C /* AssertYourself */,
				7AB0E0F7298BF65F0029CB6C /* AssertYourselfTests */,
				7AB0E101298BF65F0029CB6C /* AssertYourselfUITests */,
			);
		};
/* End PBXProject section */

/* Begin PBXResourcesBuildPhase section */
		7AB0E0E0298BF65C0029CB6C /* Resources */ = {
			isa = PBXResourcesBuildPhase;
			buildActionMask = 2147483647;
			files = (
				7AB0E0F2298BF65E0029CB6C /* LaunchScreen.storyboard in Resources */,
				7AB0E0EF298BF65E0029CB6C /* Assets.xcassets in Resources */,
				7AB0E0ED298BF65C0029CB6C /* Main.storyboard in Resources */,
			);
			runOnlyForDeploymentPostprocessing = 0;
		};
		7AB0E0F6298BF65F0029CB6C /* Resources */ = {
			isa = PBXResourcesBuildPhase;
			buildActionMask = 2147483647;
			files = (
			);
			runOnlyForDeploymentPostprocessing = 0;
		};
		7AB0E100298BF65F0029CB6C /* Resources */ = {
			isa = PBXResourcesBuildPhase;
			buildActionMask = 2147483647;
			files = (
			);
			runOnlyForDeploymentPostprocessing = 0;
		};
/* End PBXResourcesBuildPhase section */

/* Begin PBXSourcesBuildPhase section */
		7AB0E0DE298BF65C0029CB6C /* Sources */ = {
			isa = PBXSourcesBuildPhase;
			buildActionMask = 2147483647;
			files = (
				7AB0E0EA298BF65C0029CB6C /* ViewController.swift in Sources */,
				7AB0E0E6298BF65C0029CB6C /* AppDelegate.swift in Sources */,
				7AB0E0E8298BF65C0029CB6C /* SceneDelegate.swift in Sources */,
			);
			runOnlyForDeploymentPostprocessing = 0;
		};
		7AB0E0F4298BF65F0029CB6C /* Sources */ = {
			isa = PBXSourcesBuildPhase;
			buildActionMask = 2147483647;
			files = (
				7AB0E0FD298BF65F0029CB6C /* AssertYourselfTests.swift in Sources */,
			);
			runOnlyForDeploymentPostprocessing = 0;
		};
		7AB0E0FE298BF65F0029CB6C /* Sources */ = {
			isa = PBXSourcesBuildPhase;
			buildActionMask = 2147483647;
			files = (
				7AB0E107298BF65F0029CB6C /* AssertYourselfUITests.swift in Sources */,
				7AB0E109298BF65F0029CB6C /* AssertYourselfUITestsLaunchTests.swift in Sources */,
			);
			runOnlyForDeploymentPostprocessing = 0;
		};
/* End PBXSourcesBuildPhase section */

/* Begin PBXTargetDependency section */
		7AB0E0FA298BF65F0029CB6C /* PBXTargetDependency */ = {
			isa = PBXTargetDependency;
			target = 7AB0E0E1298BF65C0029CB6C /* AssertYourself */;
			targetProxy = 7AB0E0F9298BF65F0029CB6C /* PBXContainerItemProxy */;
		};
		7AB0E104298BF65F0029CB6C /* PBXTargetDependency */ = {
			isa = PBXTargetDependency;
			target = 7AB0E0E1298BF65C0029CB6C /* AssertYourself */;
			targetProxy = 7AB0E103298BF65F0029CB6C /* PBXContainerItemProxy */;
		};
/* End PBXTargetDependency section */

/* Begin PBXVariantGroup section */
		7AB0E0EB298BF65C0029CB6C /* Main.storyboard */ = {
			isa = PBXVariantGroup;
			children = (
				7AB0E0EC298BF65C0029CB6C /* Base */,
			);
			name = Main.storyboard;
			sourceTree = "<group>";
		};
		7AB0E0F0298BF65E0029CB6C /* LaunchScreen.storyboard */ = {
			isa = PBXVariantGroup;
			children = (
				7AB0E0F1298BF65E0029CB6C /* Base */,
			);
			name = LaunchScreen.storyboard;
			sourceTree = "<group>";
		};
/* End PBXVariantGroup section */

/* Begin XCBuildConfiguration section */
		7AB0E10A298BF65F0029CB6C /* Debug */ = {
			isa = XCBuildConfiguration;
			buildSettings = {
				ALWAYS_SEARCH_USER_PATHS = NO;
				CLANG_ANALYZER_NONNULL = YES;
				CLANG_ANALYZER_NUMBER_OBJECT_CONVERSION = YES_AGGRESSIVE;
				CLANG_CXX_LANGUAGE_STANDARD = "gnu++20";
				CLANG_ENABLE_MODULES = YES;
				CLANG_ENABLE_OBJC_ARC = YES;
				CLANG_ENABLE_OBJC_WEAK = YES;
				CLANG_WARN_BLOCK_CAPTURE_AUTORELEASING = YES;
				CLANG_WARN_BOOL_CONVERSION = YES;
				CLANG_WARN_COMMA = YES;
				CLANG_WARN_CONSTANT_CONVERSION = YES;
				CLANG_WARN_DEPRECATED_OBJC_IMPLEMENTATIONS = YES;
				CLANG_WARN_DIRECT_OBJC_ISA_USAGE = YES_ERROR;
				CLANG_WARN_DOCUMENTATION_COMMENTS = YES;
				CLANG_WARN_EMPTY_BODY = YES;
				CLANG_WARN_ENUM_CONVERSION = YES;
				CLANG_WARN_INFINITE_RECURSION = YES;
				CLANG_WARN_INT_CONVERSION = YES;
				CLANG_WARN_NON_LITERAL_NULL_CONVERSION = YES;
				CLANG_WARN_OBJC_IMPLICIT_RETAIN_SELF = YES;
				CLANG_WARN_OBJC_LITERAL_CONVERSION = YES;
				CLANG_WARN_OBJC_ROOT_CLASS = YES_ERROR;
				CLANG_WARN_QUOTED_INCLUDE_IN_FRAMEWORK_HEADER = YES;
				CLANG_WARN_RANGE_LOOP_ANALYSIS = YES;
				CLANG_WARN_STRICT_PROTOTYPES = YES;
				CLANG_WARN_SUSPICIOUS_MOVE = YES;
				CLANG_WARN_UNGUARDED_AVAILABILITY = YES_AGGRESSIVE;
				CLANG_WARN_UNREACHABLE_CODE = YES;
				CLANG_WARN__DUPLICATE_METHOD_MATCH = YES;
				COPY_PHASE_STRIP = NO;
				DEBUG_INFORMATION_FORMAT = dwarf;
				ENABLE_STRICT_OBJC_MSGSEND = YES;
				ENABLE_TESTABILITY = YES;
				GCC_C_LANGUAGE_STANDARD = gnu11;
				GCC_DYNAMIC_NO_PIC = NO;
				GCC_NO_COMMON_BLOCKS = YES;
				GCC_OPTIMIZATION_LEVEL = 0;
				GCC_PREPROCESSOR_DEFINITIONS = (
					"DEBUG=1",
					"$(inherited)",
				);
				GCC_WARN_64_TO_32_BIT_CONVERSION = YES;
				GCC_WARN_ABOUT_RETURN_TYPE = YES_ERROR;
				GCC_WARN_UNDECLARED_SELECTOR = YES;
				GCC_WARN_UNINITIALIZED_AUTOS = YES_AGGRESSIVE;
				GCC_WARN_UNUSED_FUNCTION = YES;
				GCC_WARN_UNUSED_VARIABLE = YES;
				IPHONEOS_DEPLOYMENT_TARGET = 16.2;
				MTL_ENABLE_DEBUG_INFO = INCLUDE_SOURCE;
				MTL_FAST_MATH = YES;
				ONLY_ACTIVE_ARCH = YES;
				SDKROOT = iphoneos;
				SWIFT_ACTIVE_COMPILATION_CONDITIONS = DEBUG;
				SWIFT_OPTIMIZATION_LEVEL = "-Onone";
			};
			name = Debug;
		};
		7AB0E10B298BF65F0029CB6C /* Release */ = {
			isa = XCBuildConfiguration;
			buildSettings = {
				ALWAYS_SEARCH_USER_PATHS = NO;
				CLANG_ANALYZER_NONNULL = YES;
				CLANG_ANALYZER_NUMBER_OBJECT_CONVERSION = YES_AGGRESSIVE;
				CLANG_CXX_LANGUAGE_STANDARD = "gnu++20";
				CLANG_ENABLE_MODULES = YES;
				CLANG_ENABLE_OBJC_ARC = YES;
				CLANG_ENABLE_OBJC_WEAK = YES;
				CLANG_WARN_BLOCK_CAPTURE_AUTORELEASING = YES;
				CLANG_WARN_BOOL_CONVERSION = YES;
				CLANG_WARN_COMMA = YES;
				CLANG_WARN_CONSTANT_CONVERSION = YES;
				CLANG_WARN_DEPRECATED_OBJC_IMPLEMENTATIONS = YES;
				CLANG_WARN_DIRECT_OBJC_ISA_USAGE = YES_ERROR;
				CLANG_WARN_DOCUMENTATION_COMMENTS = YES;
				CLANG_WARN_EMPTY_BODY = YES;
				CLANG_WARN_ENUM_CONVERSION = YES;
				CLANG_WARN_INFINITE_RECURSION = YES;
				CLANG_WARN_INT_CONVERSION = YES;
				CLANG_WARN_NON_LITERAL_NULL_CONVERSION = YES;
				CLANG_WARN_OBJC_IMPLICIT_RETAIN_SELF = YES;
				CLANG_WARN_OBJC_LITERAL_CONVERSION = YES;
				CLANG_WARN_OBJC_ROOT_CLASS = YES_ERROR;
				CLANG_WARN_QUOTED_INCLUDE_IN_FRAMEWORK_HEADER = YES;
				CLANG_WARN_RANGE_LOOP_ANALYSIS = YES;
				CLANG_WARN_STRICT_PROTOTYPES = YES;
				CLANG_WARN_SUSPICIOUS_MOVE = YES;
				CLANG_WARN_UNGUARDED_AVAILABILITY = YES_AGGRESSIVE;
				CLANG_WARN_UNREACHABLE_CODE = YES;
				CLANG_WARN__DUPLICATE_METHOD_MATCH = YES;
				COPY_PHASE_STRIP = NO;
				DEBUG_INFORMATION_FORMAT = "dwarf-with-dsym";
				ENABLE_NS_ASSERTIONS = NO;
				ENABLE_STRICT_OBJC_MSGSEND = YES;
				GCC_C_LANGUAGE_STANDARD = gnu11;
				GCC_NO_COMMON_BLOCKS = YES;
				GCC_WARN_64_TO_32_BIT_CONVERSION = YES;
				GCC_WARN_ABOUT_RETURN_TYPE = YES_ERROR;
				GCC_WARN_UNDECLARED_SELECTOR = YES;
				GCC_WARN_UNINITIALIZED_AUTOS = YES_AGGRESSIVE;
				GCC_WARN_UNUSED_FUNCTION = YES;
				GCC_WARN_UNUSED_VARIABLE = YES;
				IPHONEOS_DEPLOYMENT_TARGET = 16.2;
				MTL_ENABLE_DEBUG_INFO = NO;
				MTL_FAST_MATH = YES;
				SDKROOT = iphoneos;
				SWIFT_COMPILATION_MODE = wholemodule;
				SWIFT_OPTIMIZATION_LEVEL = "-O";
				VALIDATE_PRODUCT = YES;
			};
			name = Release;
		};
		7AB0E10D298BF65F0029CB6C /* Debug */ = {
			isa = XCBuildConfiguration;
			buildSettings = {
				ASSETCATALOG_COMPILER_APPICON_NAME = AppIcon;
				ASSETCATALOG_COMPILER_GLOBAL_ACCENT_COLOR_NAME = AccentColor;
				CODE_SIGN_STYLE = Automatic;
				CURRENT_PROJECT_VERSION = 1;
				DEVELOPMENT_TEAM = 8T8Q835Q57;
				GENERATE_INFOPLIST_FILE = YES;
				INFOPLIST_FILE = AssertYourself/Info.plist;
				INFOPLIST_KEY_UIApplicationSupportsIndirectInputEvents = YES;
				INFOPLIST_KEY_UILaunchStoryboardName = LaunchScreen;
				INFOPLIST_KEY_UIMainStoryboardFile = Main;
				INFOPLIST_KEY_UISupportedInterfaceOrientations_iPad = "UIInterfaceOrientationPortrait UIInterfaceOrientationPortraitUpsideDown UIInterfaceOrientationLandscapeLeft UIInterfaceOrientationLandscapeRight";
				INFOPLIST_KEY_UISupportedInterfaceOrientations_iPhone = "UIInterfaceOrientationPortrait UIInterfaceOrientationLandscapeLeft UIInterfaceOrientationLandscapeRight";
				LD_RUNPATH_SEARCH_PATHS = (
					"$(inherited)",
					"@executable_path/Frameworks",
				);
				MARKETING_VERSION = 1.0;
				PRODUCT_BUNDLE_IDENTIFIER = com.paredes.AssertYourself;
				PRODUCT_NAME = "$(TARGET_NAME)";
				SWIFT_EMIT_LOC_STRINGS = YES;
				SWIFT_VERSION = 5.0;
				TARGETED_DEVICE_FAMILY = "1,2";
			};
			name = Debug;
		};
		7AB0E10E298BF65F0029CB6C /* Release */ = {
			isa = XCBuildConfiguration;
			buildSettings = {
				ASSETCATALOG_COMPILER_APPICON_NAME = AppIcon;
				ASSETCATALOG_COMPILER_GLOBAL_ACCENT_COLOR_NAME = AccentColor;
				CODE_SIGN_STYLE = Automatic;
				CURRENT_PROJECT_VERSION = 1;
				DEVELOPMENT_TEAM = 8T8Q835Q57;
				GENERATE_INFOPLIST_FILE = YES;
				INFOPLIST_FILE = AssertYourself/Info.plist;
				INFOPLIST_KEY_UIApplicationSupportsIndirectInputEvents = YES;
				INFOPLIST_KEY_UILaunchStoryboardName = LaunchScreen;
				INFOPLIST_KEY_UIMainStoryboardFile = Main;
				INFOPLIST_KEY_UISupportedInterfaceOrientations_iPad = "UIInterfaceOrientationPortrait UIInterfaceOrientationPortraitUpsideDown UIInterfaceOrientationLandscapeLeft UIInterfaceOrientationLandscapeRight";
				INFOPLIST_KEY_UISupportedInterfaceOrientations_iPhone = "UIInterfaceOrientationPortrait UIInterfaceOrientationLandscapeLeft UIInterfaceOrientationLandscapeRight";
				LD_RUNPATH_SEARCH_PATHS = (
					"$(inherited)",
					"@executable_path/Frameworks",
				);
				MARKETING_VERSION = 1.0;
				PRODUCT_BUNDLE_IDENTIFIER = com.paredes.AssertYourself;
				PRODUCT_NAME = "$(TARGET_NAME)";
				SWIFT_EMIT_LOC_STRINGS = YES;
				SWIFT_VERSION = 5.0;
				TARGETED_DEVICE_FAMILY = "1,2";
			};
			name = Release;
		};
		7AB0E110298BF65F0029CB6C /* Debug */ = {
			isa = XCBuildConfiguration;
			buildSettings = {
				ALWAYS_EMBED_SWIFT_STANDARD_LIBRARIES = YES;
				BUNDLE_LOADER = "$(TEST_HOST)";
				CODE_SIGN_STYLE = Automatic;
				CURRENT_PROJECT_VERSION = 1;
				DEVELOPMENT_TEAM = 8T8Q835Q57;
				GENERATE_INFOPLIST_FILE = YES;
				IPHONEOS_DEPLOYMENT_TARGET = 16.2;
				MARKETING_VERSION = 1.0;
				PRODUCT_BUNDLE_IDENTIFIER = com.paredes.AssertYourselfTests;
				PRODUCT_NAME = "$(TARGET_NAME)";
				SWIFT_EMIT_LOC_STRINGS = NO;
				SWIFT_VERSION = 5.0;
				TARGETED_DEVICE_FAMILY = "1,2";
				TEST_HOST = "$(BUILT_PRODUCTS_DIR)/AssertYourself.app/$(BUNDLE_EXECUTABLE_FOLDER_PATH)/AssertYourself";
			};
			name = Debug;
		};
		7AB0E111298BF65F0029CB6C /* Release */ = {
			isa = XCBuildConfiguration;
			buildSettings = {
				ALWAYS_EMBED_SWIFT_STANDARD_LIBRARIES = YES;
				BUNDLE_LOADER = "$(TEST_HOST)";
				CODE_SIGN_STYLE = Automatic;
				CURRENT_PROJECT_VERSION = 1;
				DEVELOPMENT_TEAM = 8T8Q835Q57;
				GENERATE_INFOPLIST_FILE = YES;
				IPHONEOS_DEPLOYMENT_TARGET = 16.2;
				MARKETING_VERSION = 1.0;
				PRODUCT_BUNDLE_IDENTIFIER = com.paredes.AssertYourselfTests;
				PRODUCT_NAME = "$(TARGET_NAME)";
				SWIFT_EMIT_LOC_STRINGS = NO;
				SWIFT_VERSION = 5.0;
				TARGETED_DEVICE_FAMILY = "1,2";
				TEST_HOST = "$(BUILT_PRODUCTS_DIR)/AssertYourself.app/$(BUNDLE_EXECUTABLE_FOLDER_PATH)/AssertYourself";
			};
			name = Release;
		};
		7AB0E113298BF65F0029CB6C /* Debug */ = {
			isa = XCBuildConfiguration;
			buildSettings = {
				ALWAYS_EMBED_SWIFT_STANDARD_LIBRARIES = YES;
				CODE_SIGN_STYLE = Automatic;
				CURRENT_PROJECT_VERSION = 1;
				DEVELOPMENT_TEAM = 8T8Q835Q57;
				GENERATE_INFOPLIST_FILE = YES;
				MARKETING_VERSION = 1.0;
				PRODUCT_BUNDLE_IDENTIFIER = com.paredes.AssertYourselfUITests;
				PRODUCT_NAME = "$(TARGET_NAME)";
				SWIFT_EMIT_LOC_STRINGS = NO;
				SWIFT_VERSION = 5.0;
				TARGETED_DEVICE_FAMILY = "1,2";
				TEST_TARGET_NAME = AssertYourself;
			};
			name = Debug;
		};
		7AB0E114298BF65F0029CB6C /* Release */ = {
			isa = XCBuildConfiguration;
			buildSettings = {
				ALWAYS_EMBED_SWIFT_STANDARD_LIBRARIES = YES;
				CODE_SIGN_STYLE = Automatic;
				CURRENT_PROJECT_VERSION = 1;
				DEVELOPMENT_TEAM = 8T8Q835Q57;
				GENERATE_INFOPLIST_FILE = YES;
				MARKETING_VERSION = 1.0;
				PRODUCT_BUNDLE_IDENTIFIER = com.paredes.AssertYourselfUITests;
				PRODUCT_NAME = "$(TARGET_NAME)";
				SWIFT_EMIT_LOC_STRINGS = NO;
				SWIFT_VERSION = 5.0;
				TARGETED_DEVICE_FAMILY = "1,2";
				TEST_TARGET_NAME = AssertYourself;
			};
			name = Release;
		};
/* End XCBuildConfiguration section */

/* Begin XCConfigurationList section */
		7AB0E0DD298BF65C0029CB6C /* Build configuration list for PBXProject "AssertYourself" */ = {
			isa = XCConfigurationList;
			buildConfigurations = (
				7AB0E10A298BF65F0029CB6C /* Debug */,
				7AB0E10B298BF65F0029CB6C /* Release */,
			);
			defaultConfigurationIsVisible = 0;
			defaultConfigurationName = Release;
		};
		7AB0E10C298BF65F0029CB6C /* Build configuration list for PBXNativeTarget "AssertYourself" */ = {
			isa = XCConfigurationList;
			buildConfigurations = (
				7AB0E10D298BF65F0029CB6C /* Debug */,
				7AB0E10E298BF65F0029CB6C /* Release */,
			);
			defaultConfigurationIsVisible = 0;
			defaultConfigurationName = Release;
		};
		7AB0E10F298BF65F0029CB6C /* Build configuration list for PBXNativeTarget "AssertYourselfTests" */ = {
			isa = XCConfigurationList;
			buildConfigurations = (
				7AB0E110298BF65F0029CB6C /* Debug */,
				7AB0E111298BF65F0029CB6C /* Release */,
			);
			defaultConfigurationIsVisible = 0;
			defaultConfigurationName = Release;
		};
		7AB0E112298BF65F0029CB6C /* Build configuration list for PBXNativeTarget "AssertYourselfUITests" */ = {
			isa = XCConfigurationList;
			buildConfigurations = (
				7AB0E113298BF65F0029CB6C /* Debug */,
				7AB0E114298BF65F0029CB6C /* Release */,
			);
			defaultConfigurationIsVisible = 0;
			defaultConfigurationName = Release;
		};
/* End XCConfigurationList section */
	};
	rootObject = 7AB0E0DA298BF65C0029CB6C /* Project object */;
}
