// !$*UTF8*$!
{
	archiveVersion = 1;
	classes = {
	};
	objectVersion = 56;
	objects = {

/* Begin PBXBuildFile section */
		7AA4E53129F2FBB900ED785D /* AppDelegate.swift in Sources */ = {isa = PBXBuildFile; fileRef = 7AA4E53029F2FBB900ED785D /* AppDelegate.swift */; };
		7AA4E53329F2FBB900ED785D /* SceneDelegate.swift in Sources */ = {isa = PBXBuildFile; fileRef = 7AA4E53229F2FBB900ED785D /* SceneDelegate.swift */; };
		7AA4E53529F2FBB900ED785D /* ViewController.swift in Sources */ = {isa = PBXBuildFile; fileRef = 7AA4E53429F2FBB900ED785D /* ViewController.swift */; };
		7AA4E53829F2FBB900ED785D /* Main.storyboard in Resources */ = {isa = PBXBuildFile; fileRef = 7AA4E53629F2FBB900ED785D /* Main.storyboard */; };
		7AA4E53A29F2FBBC00ED785D /* Assets.xcassets in Resources */ = {isa = PBXBuildFile; fileRef = 7AA4E53929F2FBBC00ED785D /* Assets.xcassets */; };
		7AA4E53D29F2FBBC00ED785D /* LaunchScreen.storyboard in Resources */ = {isa = PBXBuildFile; fileRef = 7AA4E53B29F2FBBC00ED785D /* LaunchScreen.storyboard */; };
		7AA4E54829F2FBBC00ED785D /* TextFieldTests.swift in Sources */ = {isa = PBXBuildFile; fileRef = 7AA4E54729F2FBBC00ED785D /* TextFieldTests.swift */; };
		7AA4E55229F2FBBC00ED785D /* TextFieldUITests.swift in Sources */ = {isa = PBXBuildFile; fileRef = 7AA4E55129F2FBBC00ED785D /* TextFieldUITests.swift */; };
		7AA4E55429F2FBBC00ED785D /* TextFieldUITestsLaunchTests.swift in Sources */ = {isa = PBXBuildFile; fileRef = 7AA4E55329F2FBBC00ED785D /* TextFieldUITestsLaunchTests.swift */; };
		7AA4E56129F31F3E00ED785D /* ViewControllerTests.swift in Sources */ = {isa = PBXBuildFile; fileRef = 7AA4E56029F31F3E00ED785D /* ViewControllerTests.swift */; };
		7AA4E56329F32B4700ED785D /* TestHelpers.swift in Sources */ = {isa = PBXBuildFile; fileRef = 7AA4E56229F32B4700ED785D /* TestHelpers.swift */; };
/* End PBXBuildFile section */

/* Begin PBXContainerItemProxy section */
		7AA4E54429F2FBBC00ED785D /* PBXContainerItemProxy */ = {
			isa = PBXContainerItemProxy;
			containerPortal = 7AA4E52529F2FBB900ED785D /* Project object */;
			proxyType = 1;
			remoteGlobalIDString = 7AA4E52C29F2FBB900ED785D;
			remoteInfo = TextField;
		};
		7AA4E54E29F2FBBC00ED785D /* PBXContainerItemProxy */ = {
			isa = PBXContainerItemProxy;
			containerPortal = 7AA4E52529F2FBB900ED785D /* Project object */;
			proxyType = 1;
			remoteGlobalIDString = 7AA4E52C29F2FBB900ED785D;
			remoteInfo = TextField;
		};
/* End PBXContainerItemProxy section */

/* Begin PBXFileReference section */
		7AA4E52D29F2FBB900ED785D /* TextField.app */ = {isa = PBXFileReference; explicitFileType = wrapper.application; includeInIndex = 0; path = TextField.app; sourceTree = BUILT_PRODUCTS_DIR; };
		7AA4E53029F2FBB900ED785D /* AppDelegate.swift */ = {isa = PBXFileReference; lastKnownFileType = sourcecode.swift; path = AppDelegate.swift; sourceTree = "<group>"; };
		7AA4E53229F2FBB900ED785D /* SceneDelegate.swift */ = {isa = PBXFileReference; lastKnownFileType = sourcecode.swift; path = SceneDelegate.swift; sourceTree = "<group>"; };
		7AA4E53429F2FBB900ED785D /* ViewController.swift */ = {isa = PBXFileReference; lastKnownFileType = sourcecode.swift; path = ViewController.swift; sourceTree = "<group>"; };
		7AA4E53729F2FBB900ED785D /* Base */ = {isa = PBXFileReference; lastKnownFileType = file.storyboard; name = Base; path = Base.lproj/Main.storyboard; sourceTree = "<group>"; };
		7AA4E53929F2FBBC00ED785D /* Assets.xcassets */ = {isa = PBXFileReference; lastKnownFileType = folder.assetcatalog; path = Assets.xcassets; sourceTree = "<group>"; };
		7AA4E53C29F2FBBC00ED785D /* Base */ = {isa = PBXFileReference; lastKnownFileType = file.storyboard; name = Base; path = Base.lproj/LaunchScreen.storyboard; sourceTree = "<group>"; };
		7AA4E53E29F2FBBC00ED785D /* Info.plist */ = {isa = PBXFileReference; lastKnownFileType = text.plist.xml; path = Info.plist; sourceTree = "<group>"; };
		7AA4E54329F2FBBC00ED785D /* TextFieldTests.xctest */ = {isa = PBXFileReference; explicitFileType = wrapper.cfbundle; includeInIndex = 0; path = TextFieldTests.xctest; sourceTree = BUILT_PRODUCTS_DIR; };
		7AA4E54729F2FBBC00ED785D /* TextFieldTests.swift */ = {isa = PBXFileReference; lastKnownFileType = sourcecode.swift; path = TextFieldTests.swift; sourceTree = "<group>"; };
		7AA4E54D29F2FBBC00ED785D /* TextFieldUITests.xctest */ = {isa = PBXFileReference; explicitFileType = wrapper.cfbundle; includeInIndex = 0; path = TextFieldUITests.xctest; sourceTree = BUILT_PRODUCTS_DIR; };
		7AA4E55129F2FBBC00ED785D /* TextFieldUITests.swift */ = {isa = PBXFileReference; lastKnownFileType = sourcecode.swift; path = TextFieldUITests.swift; sourceTree = "<group>"; };
		7AA4E55329F2FBBC00ED785D /* TextFieldUITestsLaunchTests.swift */ = {isa = PBXFileReference; lastKnownFileType = sourcecode.swift; path = TextFieldUITestsLaunchTests.swift; sourceTree = "<group>"; };
		7AA4E56029F31F3E00ED785D /* ViewControllerTests.swift */ = {isa = PBXFileReference; lastKnownFileType = sourcecode.swift; path = ViewControllerTests.swift; sourceTree = "<group>"; };
		7AA4E56229F32B4700ED785D /* TestHelpers.swift */ = {isa = PBXFileReference; lastKnownFileType = sourcecode.swift; path = TestHelpers.swift; sourceTree = "<group>"; };
/* End PBXFileReference section */

/* Begin PBXFrameworksBuildPhase section */
		7AA4E52A29F2FBB900ED785D /* Frameworks */ = {
			isa = PBXFrameworksBuildPhase;
			buildActionMask = 2147483647;
			files = (
			);
			runOnlyForDeploymentPostprocessing = 0;
		};
		7AA4E54029F2FBBC00ED785D /* Frameworks */ = {
			isa = PBXFrameworksBuildPhase;
			buildActionMask = 2147483647;
			files = (
			);
			runOnlyForDeploymentPostprocessing = 0;
		};
		7AA4E54A29F2FBBC00ED785D /* Frameworks */ = {
			isa = PBXFrameworksBuildPhase;
			buildActionMask = 2147483647;
			files = (
			);
			runOnlyForDeploymentPostprocessing = 0;
		};
/* End PBXFrameworksBuildPhase section */

/* Begin PBXGroup section */
		7AA4E52429F2FBB900ED785D = {
			isa = PBXGroup;
			children = (
				7AA4E52F29F2FBB900ED785D /* TextField */,
				7AA4E54629F2FBBC00ED785D /* TextFieldTests */,
				7AA4E55029F2FBBC00ED785D /* TextFieldUITests */,
				7AA4E52E29F2FBB900ED785D /* Products */,
			);
			sourceTree = "<group>";
		};
		7AA4E52E29F2FBB900ED785D /* Products */ = {
			isa = PBXGroup;
			children = (
				7AA4E52D29F2FBB900ED785D /* TextField.app */,
				7AA4E54329F2FBBC00ED785D /* TextFieldTests.xctest */,
				7AA4E54D29F2FBBC00ED785D /* TextFieldUITests.xctest */,
			);
			name = Products;
			sourceTree = "<group>";
		};
		7AA4E52F29F2FBB900ED785D /* TextField */ = {
			isa = PBXGroup;
			children = (
				7AA4E53029F2FBB900ED785D /* AppDelegate.swift */,
				7AA4E53229F2FBB900ED785D /* SceneDelegate.swift */,
				7AA4E53429F2FBB900ED785D /* ViewController.swift */,
				7AA4E53629F2FBB900ED785D /* Main.storyboard */,
				7AA4E53929F2FBBC00ED785D /* Assets.xcassets */,
				7AA4E53B29F2FBBC00ED785D /* LaunchScreen.storyboard */,
				7AA4E53E29F2FBBC00ED785D /* Info.plist */,
			);
			path = TextField;
			sourceTree = "<group>";
		};
		7AA4E54629F2FBBC00ED785D /* TextFieldTests */ = {
			isa = PBXGroup;
			children = (
				7AA4E54729F2FBBC00ED785D /* TextFieldTests.swift */,
				7AA4E56029F31F3E00ED785D /* ViewControllerTests.swift */,
				7AA4E56229F32B4700ED785D /* TestHelpers.swift */,
			);
			path = TextFieldTests;
			sourceTree = "<group>";
		};
		7AA4E55029F2FBBC00ED785D /* TextFieldUITests */ = {
			isa = PBXGroup;
			children = (
				7AA4E55129F2FBBC00ED785D /* TextFieldUITests.swift */,
				7AA4E55329F2FBBC00ED785D /* TextFieldUITestsLaunchTests.swift */,
			);
			path = TextFieldUITests;
			sourceTree = "<group>";
		};
/* End PBXGroup section */

/* Begin PBXNativeTarget section */
		7AA4E52C29F2FBB900ED785D /* TextField */ = {
			isa = PBXNativeTarget;
			buildConfigurationList = 7AA4E55729F2FBBC00ED785D /* Build configuration list for PBXNativeTarget "TextField" */;
			buildPhases = (
				7AA4E52929F2FBB900ED785D /* Sources */,
				7AA4E52A29F2FBB900ED785D /* Frameworks */,
				7AA4E52B29F2FBB900ED785D /* Resources */,
			);
			buildRules = (
			);
			dependencies = (
			);
			name = TextField;
			productName = TextField;
			productReference = 7AA4E52D29F2FBB900ED785D /* TextField.app */;
			productType = "com.apple.product-type.application";
		};
		7AA4E54229F2FBBC00ED785D /* TextFieldTests */ = {
			isa = PBXNativeTarget;
			buildConfigurationList = 7AA4E55A29F2FBBC00ED785D /* Build configuration list for PBXNativeTarget "TextFieldTests" */;
			buildPhases = (
				7AA4E53F29F2FBBC00ED785D /* Sources */,
				7AA4E54029F2FBBC00ED785D /* Frameworks */,
				7AA4E54129F2FBBC00ED785D /* Resources */,
			);
			buildRules = (
			);
			dependencies = (
				7AA4E54529F2FBBC00ED785D /* PBXTargetDependency */,
			);
			name = TextFieldTests;
			productName = TextFieldTests;
			productReference = 7AA4E54329F2FBBC00ED785D /* TextFieldTests.xctest */;
			productType = "com.apple.product-type.bundle.unit-test";
		};
		7AA4E54C29F2FBBC00ED785D /* TextFieldUITests */ = {
			isa = PBXNativeTarget;
			buildConfigurationList = 7AA4E55D29F2FBBC00ED785D /* Build configuration list for PBXNativeTarget "TextFieldUITests" */;
			buildPhases = (
				7AA4E54929F2FBBC00ED785D /* Sources */,
				7AA4E54A29F2FBBC00ED785D /* Frameworks */,
				7AA4E54B29F2FBBC00ED785D /* Resources */,
			);
			buildRules = (
			);
			dependencies = (
				7AA4E54F29F2FBBC00ED785D /* PBXTargetDependency */,
			);
			name = TextFieldUITests;
			productName = TextFieldUITests;
			productReference = 7AA4E54D29F2FBBC00ED785D /* TextFieldUITests.xctest */;
			productType = "com.apple.product-type.bundle.ui-testing";
		};
/* End PBXNativeTarget section */

/* Begin PBXProject section */
		7AA4E52529F2FBB900ED785D /* Project object */ = {
			isa = PBXProject;
			attributes = {
				BuildIndependentTargetsInParallel = 1;
				LastSwiftUpdateCheck = 1430;
				LastUpgradeCheck = 1430;
				TargetAttributes = {
					7AA4E52C29F2FBB900ED785D = {
						CreatedOnToolsVersion = 14.3;
					};
					7AA4E54229F2FBBC00ED785D = {
						CreatedOnToolsVersion = 14.3;
						TestTargetID = 7AA4E52C29F2FBB900ED785D;
					};
					7AA4E54C29F2FBBC00ED785D = {
						CreatedOnToolsVersion = 14.3;
						TestTargetID = 7AA4E52C29F2FBB900ED785D;
					};
				};
			};
			buildConfigurationList = 7AA4E52829F2FBB900ED785D /* Build configuration list for PBXProject "TextField" */;
			compatibilityVersion = "Xcode 14.0";
			developmentRegion = en;
			hasScannedForEncodings = 0;
			knownRegions = (
				en,
				Base,
			);
			mainGroup = 7AA4E52429F2FBB900ED785D;
			productRefGroup = 7AA4E52E29F2FBB900ED785D /* Products */;
			projectDirPath = "";
			projectRoot = "";
			targets = (
				7AA4E52C29F2FBB900ED785D /* TextField */,
				7AA4E54229F2FBBC00ED785D /* TextFieldTests */,
				7AA4E54C29F2FBBC00ED785D /* TextFieldUITests */,
			);
		};
/* End PBXProject section */

/* Begin PBXResourcesBuildPhase section */
		7AA4E52B29F2FBB900ED785D /* Resources */ = {
			isa = PBXResourcesBuildPhase;
			buildActionMask = 2147483647;
			files = (
				7AA4E53D29F2FBBC00ED785D /* LaunchScreen.storyboard in Resources */,
				7AA4E53A29F2FBBC00ED785D /* Assets.xcassets in Resources */,
				7AA4E53829F2FBB900ED785D /* Main.storyboard in Resources */,
			);
			runOnlyForDeploymentPostprocessing = 0;
		};
		7AA4E54129F2FBBC00ED785D /* Resources */ = {
			isa = PBXResourcesBuildPhase;
			buildActionMask = 2147483647;
			files = (
			);
			runOnlyForDeploymentPostprocessing = 0;
		};
		7AA4E54B29F2FBBC00ED785D /* Resources */ = {
			isa = PBXResourcesBuildPhase;
			buildActionMask = 2147483647;
			files = (
			);
			runOnlyForDeploymentPostprocessing = 0;
		};
/* End PBXResourcesBuildPhase section */

/* Begin PBXSourcesBuildPhase section */
		7AA4E52929F2FBB900ED785D /* Sources */ = {
			isa = PBXSourcesBuildPhase;
			buildActionMask = 2147483647;
			files = (
				7AA4E53529F2FBB900ED785D /* ViewController.swift in Sources */,
				7AA4E53129F2FBB900ED785D /* AppDelegate.swift in Sources */,
				7AA4E53329F2FBB900ED785D /* SceneDelegate.swift in Sources */,
			);
			runOnlyForDeploymentPostprocessing = 0;
		};
		7AA4E53F29F2FBBC00ED785D /* Sources */ = {
			isa = PBXSourcesBuildPhase;
			buildActionMask = 2147483647;
			files = (
				7AA4E56129F31F3E00ED785D /* ViewControllerTests.swift in Sources */,
				7AA4E54829F2FBBC00ED785D /* TextFieldTests.swift in Sources */,
				7AA4E56329F32B4700ED785D /* TestHelpers.swift in Sources */,
			);
			runOnlyForDeploymentPostprocessing = 0;
		};
		7AA4E54929F2FBBC00ED785D /* Sources */ = {
			isa = PBXSourcesBuildPhase;
			buildActionMask = 2147483647;
			files = (
				7AA4E55429F2FBBC00ED785D /* TextFieldUITestsLaunchTests.swift in Sources */,
				7AA4E55229F2FBBC00ED785D /* TextFieldUITests.swift in Sources */,
			);
			runOnlyForDeploymentPostprocessing = 0;
		};
/* End PBXSourcesBuildPhase section */

/* Begin PBXTargetDependency section */
		7AA4E54529F2FBBC00ED785D /* PBXTargetDependency */ = {
			isa = PBXTargetDependency;
			target = 7AA4E52C29F2FBB900ED785D /* TextField */;
			targetProxy = 7AA4E54429F2FBBC00ED785D /* PBXContainerItemProxy */;
		};
		7AA4E54F29F2FBBC00ED785D /* PBXTargetDependency */ = {
			isa = PBXTargetDependency;
			target = 7AA4E52C29F2FBB900ED785D /* TextField */;
			targetProxy = 7AA4E54E29F2FBBC00ED785D /* PBXContainerItemProxy */;
		};
/* End PBXTargetDependency section */

/* Begin PBXVariantGroup section */
		7AA4E53629F2FBB900ED785D /* Main.storyboard */ = {
			isa = PBXVariantGroup;
			children = (
				7AA4E53729F2FBB900ED785D /* Base */,
			);
			name = Main.storyboard;
			sourceTree = "<group>";
		};
		7AA4E53B29F2FBBC00ED785D /* LaunchScreen.storyboard */ = {
			isa = PBXVariantGroup;
			children = (
				7AA4E53C29F2FBBC00ED785D /* Base */,
			);
			name = LaunchScreen.storyboard;
			sourceTree = "<group>";
		};
/* End PBXVariantGroup section */

/* Begin XCBuildConfiguration section */
		7AA4E55529F2FBBC00ED785D /* Debug */ = {
			isa = XCBuildConfiguration;
			buildSettings = {
				ALWAYS_SEARCH_USER_PATHS = NO;
				CLANG_ANALYZER_NONNULL = YES;
				CLANG_ANALYZER_NUMBER_OBJECT_CONVERSION = YES_AGGRESSIVE;
				CLANG_CXX_LANGUAGE_STANDARD = "gnu++20";
				CLANG_ENABLE_MODULES = YES;
				CLANG_ENABLE_OBJC_ARC = YES;
				CLANG_ENABLE_OBJC_WEAK = YES;
				CLANG_WARN_BLOCK_CAPTURE_AUTORELEASING = YES;
				CLANG_WARN_BOOL_CONVERSION = YES;
				CLANG_WARN_COMMA = YES;
				CLANG_WARN_CONSTANT_CONVERSION = YES;
				CLANG_WARN_DEPRECATED_OBJC_IMPLEMENTATIONS = YES;
				CLANG_WARN_DIRECT_OBJC_ISA_USAGE = YES_ERROR;
				CLANG_WARN_DOCUMENTATION_COMMENTS = YES;
				CLANG_WARN_EMPTY_BODY = YES;
				CLANG_WARN_ENUM_CONVERSION = YES;
				CLANG_WARN_INFINITE_RECURSION = YES;
				CLANG_WARN_INT_CONVERSION = YES;
				CLANG_WARN_NON_LITERAL_NULL_CONVERSION = YES;
				CLANG_WARN_OBJC_IMPLICIT_RETAIN_SELF = YES;
				CLANG_WARN_OBJC_LITERAL_CONVERSION = YES;
				CLANG_WARN_OBJC_ROOT_CLASS = YES_ERROR;
				CLANG_WARN_QUOTED_INCLUDE_IN_FRAMEWORK_HEADER = YES;
				CLANG_WARN_RANGE_LOOP_ANALYSIS = YES;
				CLANG_WARN_STRICT_PROTOTYPES = YES;
				CLANG_WARN_SUSPICIOUS_MOVE = YES;
				CLANG_WARN_UNGUARDED_AVAILABILITY = YES_AGGRESSIVE;
				CLANG_WARN_UNREACHABLE_CODE = YES;
				CLANG_WARN__DUPLICATE_METHOD_MATCH = YES;
				COPY_PHASE_STRIP = NO;
				DEBUG_INFORMATION_FORMAT = dwarf;
				ENABLE_STRICT_OBJC_MSGSEND = YES;
				ENABLE_TESTABILITY = YES;
				GCC_C_LANGUAGE_STANDARD = gnu11;
				GCC_DYNAMIC_NO_PIC = NO;
				GCC_NO_COMMON_BLOCKS = YES;
				GCC_OPTIMIZATION_LEVEL = 0;
				GCC_PREPROCESSOR_DEFINITIONS = (
					"DEBUG=1",
					"$(inherited)",
				);
				GCC_WARN_64_TO_32_BIT_CONVERSION = YES;
				GCC_WARN_ABOUT_RETURN_TYPE = YES_ERROR;
				GCC_WARN_UNDECLARED_SELECTOR = YES;
				GCC_WARN_UNINITIALIZED_AUTOS = YES_AGGRESSIVE;
				GCC_WARN_UNUSED_FUNCTION = YES;
				GCC_WARN_UNUSED_VARIABLE = YES;
				IPHONEOS_DEPLOYMENT_TARGET = 16.4;
				MTL_ENABLE_DEBUG_INFO = INCLUDE_SOURCE;
				MTL_FAST_MATH = YES;
				ONLY_ACTIVE_ARCH = YES;
				SDKROOT = iphoneos;
				SWIFT_ACTIVE_COMPILATION_CONDITIONS = DEBUG;
				SWIFT_OPTIMIZATION_LEVEL = "-Onone";
			};
			name = Debug;
		};
		7AA4E55629F2FBBC00ED785D /* Release */ = {
			isa = XCBuildConfiguration;
			buildSettings = {
				ALWAYS_SEARCH_USER_PATHS = NO;
				CLANG_ANALYZER_NONNULL = YES;
				CLANG_ANALYZER_NUMBER_OBJECT_CONVERSION = YES_AGGRESSIVE;
				CLANG_CXX_LANGUAGE_STANDARD = "gnu++20";
				CLANG_ENABLE_MODULES = YES;
				CLANG_ENABLE_OBJC_ARC = YES;
				CLANG_ENABLE_OBJC_WEAK = YES;
				CLANG_WARN_BLOCK_CAPTURE_AUTORELEASING = YES;
				CLANG_WARN_BOOL_CONVERSION = YES;
				CLANG_WARN_COMMA = YES;
				CLANG_WARN_CONSTANT_CONVERSION = YES;
				CLANG_WARN_DEPRECATED_OBJC_IMPLEMENTATIONS = YES;
				CLANG_WARN_DIRECT_OBJC_ISA_USAGE = YES_ERROR;
				CLANG_WARN_DOCUMENTATION_COMMENTS = YES;
				CLANG_WARN_EMPTY_BODY = YES;
				CLANG_WARN_ENUM_CONVERSION = YES;
				CLANG_WARN_INFINITE_RECURSION = YES;
				CLANG_WARN_INT_CONVERSION = YES;
				CLANG_WARN_NON_LITERAL_NULL_CONVERSION = YES;
				CLANG_WARN_OBJC_IMPLICIT_RETAIN_SELF = YES;
				CLANG_WARN_OBJC_LITERAL_CONVERSION = YES;
				CLANG_WARN_OBJC_ROOT_CLASS = YES_ERROR;
				CLANG_WARN_QUOTED_INCLUDE_IN_FRAMEWORK_HEADER = YES;
				CLANG_WARN_RANGE_LOOP_ANALYSIS = YES;
				CLANG_WARN_STRICT_PROTOTYPES = YES;
				CLANG_WARN_SUSPICIOUS_MOVE = YES;
				CLANG_WARN_UNGUARDED_AVAILABILITY = YES_AGGRESSIVE;
				CLANG_WARN_UNREACHABLE_CODE = YES;
				CLANG_WARN__DUPLICATE_METHOD_MATCH = YES;
				COPY_PHASE_STRIP = NO;
				DEBUG_INFORMATION_FORMAT = "dwarf-with-dsym";
				ENABLE_NS_ASSERTIONS = NO;
				ENABLE_STRICT_OBJC_MSGSEND = YES;
				GCC_C_LANGUAGE_STANDARD = gnu11;
				GCC_NO_COMMON_BLOCKS = YES;
				GCC_WARN_64_TO_32_BIT_CONVERSION = YES;
				GCC_WARN_ABOUT_RETURN_TYPE = YES_ERROR;
				GCC_WARN_UNDECLARED_SELECTOR = YES;
				GCC_WARN_UNINITIALIZED_AUTOS = YES_AGGRESSIVE;
				GCC_WARN_UNUSED_FUNCTION = YES;
				GCC_WARN_UNUSED_VARIABLE = YES;
				IPHONEOS_DEPLOYMENT_TARGET = 16.4;
				MTL_ENABLE_DEBUG_INFO = NO;
				MTL_FAST_MATH = YES;
				SDKROOT = iphoneos;
				SWIFT_COMPILATION_MODE = wholemodule;
				SWIFT_OPTIMIZATION_LEVEL = "-O";
				VALIDATE_PRODUCT = YES;
			};
			name = Release;
		};
		7AA4E55829F2FBBC00ED785D /* Debug */ = {
			isa = XCBuildConfiguration;
			buildSettings = {
				ASSETCATALOG_COMPILER_APPICON_NAME = AppIcon;
				ASSETCATALOG_COMPILER_GLOBAL_ACCENT_COLOR_NAME = AccentColor;
				CODE_SIGN_STYLE = Automatic;
				CURRENT_PROJECT_VERSION = 1;
				DEVELOPMENT_TEAM = 8T8Q835Q57;
				GENERATE_INFOPLIST_FILE = YES;
				INFOPLIST_FILE = TextField/Info.plist;
				INFOPLIST_KEY_UIApplicationSupportsIndirectInputEvents = YES;
				INFOPLIST_KEY_UILaunchStoryboardName = LaunchScreen;
				INFOPLIST_KEY_UIMainStoryboardFile = Main;
				INFOPLIST_KEY_UISupportedInterfaceOrientations_iPad = "UIInterfaceOrientationPortrait UIInterfaceOrientationPortraitUpsideDown UIInterfaceOrientationLandscapeLeft UIInterfaceOrientationLandscapeRight";
				INFOPLIST_KEY_UISupportedInterfaceOrientations_iPhone = "UIInterfaceOrientationPortrait UIInterfaceOrientationLandscapeLeft UIInterfaceOrientationLandscapeRight";
				LD_RUNPATH_SEARCH_PATHS = (
					"$(inherited)",
					"@executable_path/Frameworks",
				);
				MARKETING_VERSION = 1.0;
				PRODUCT_BUNDLE_IDENTIFIER = com.imparedes.test.TextField;
				PRODUCT_NAME = "$(TARGET_NAME)";
				SWIFT_EMIT_LOC_STRINGS = YES;
				SWIFT_VERSION = 5.0;
				TARGETED_DEVICE_FAMILY = "1,2";
			};
			name = Debug;
		};
		7AA4E55929F2FBBC00ED785D /* Release */ = {
			isa = XCBuildConfiguration;
			buildSettings = {
				ASSETCATALOG_COMPILER_APPICON_NAME = AppIcon;
				ASSETCATALOG_COMPILER_GLOBAL_ACCENT_COLOR_NAME = AccentColor;
				CODE_SIGN_STYLE = Automatic;
				CURRENT_PROJECT_VERSION = 1;
				DEVELOPMENT_TEAM = 8T8Q835Q57;
				GENERATE_INFOPLIST_FILE = YES;
				INFOPLIST_FILE = TextField/Info.plist;
				INFOPLIST_KEY_UIApplicationSupportsIndirectInputEvents = YES;
				INFOPLIST_KEY_UILaunchStoryboardName = LaunchScreen;
				INFOPLIST_KEY_UIMainStoryboardFile = Main;
				INFOPLIST_KEY_UISupportedInterfaceOrientations_iPad = "UIInterfaceOrientationPortrait UIInterfaceOrientationPortraitUpsideDown UIInterfaceOrientationLandscapeLeft UIInterfaceOrientationLandscapeRight";
				INFOPLIST_KEY_UISupportedInterfaceOrientations_iPhone = "UIInterfaceOrientationPortrait UIInterfaceOrientationLandscapeLeft UIInterfaceOrientationLandscapeRight";
				LD_RUNPATH_SEARCH_PATHS = (
					"$(inherited)",
					"@executable_path/Frameworks",
				);
				MARKETING_VERSION = 1.0;
				PRODUCT_BUNDLE_IDENTIFIER = com.imparedes.test.TextField;
				PRODUCT_NAME = "$(TARGET_NAME)";
				SWIFT_EMIT_LOC_STRINGS = YES;
				SWIFT_VERSION = 5.0;
				TARGETED_DEVICE_FAMILY = "1,2";
			};
			name = Release;
		};
		7AA4E55B29F2FBBC00ED785D /* Debug */ = {
			isa = XCBuildConfiguration;
			buildSettings = {
				ALWAYS_EMBED_SWIFT_STANDARD_LIBRARIES = YES;
				BUNDLE_LOADER = "$(TEST_HOST)";
				CODE_SIGN_STYLE = Automatic;
				CURRENT_PROJECT_VERSION = 1;
				DEVELOPMENT_TEAM = 8T8Q835Q57;
				GENERATE_INFOPLIST_FILE = YES;
				IPHONEOS_DEPLOYMENT_TARGET = 16.4;
				MARKETING_VERSION = 1.0;
				PRODUCT_BUNDLE_IDENTIFIER = com.imparedes.test.TextFieldTests;
				PRODUCT_NAME = "$(TARGET_NAME)";
				SWIFT_EMIT_LOC_STRINGS = NO;
				SWIFT_VERSION = 5.0;
				TARGETED_DEVICE_FAMILY = "1,2";
				TEST_HOST = "$(BUILT_PRODUCTS_DIR)/TextField.app/$(BUNDLE_EXECUTABLE_FOLDER_PATH)/TextField";
			};
			name = Debug;
		};
		7AA4E55C29F2FBBC00ED785D /* Release */ = {
			isa = XCBuildConfiguration;
			buildSettings = {
				ALWAYS_EMBED_SWIFT_STANDARD_LIBRARIES = YES;
				BUNDLE_LOADER = "$(TEST_HOST)";
				CODE_SIGN_STYLE = Automatic;
				CURRENT_PROJECT_VERSION = 1;
				DEVELOPMENT_TEAM = 8T8Q835Q57;
				GENERATE_INFOPLIST_FILE = YES;
				IPHONEOS_DEPLOYMENT_TARGET = 16.4;
				MARKETING_VERSION = 1.0;
				PRODUCT_BUNDLE_IDENTIFIER = com.imparedes.test.TextFieldTests;
				PRODUCT_NAME = "$(TARGET_NAME)";
				SWIFT_EMIT_LOC_STRINGS = NO;
				SWIFT_VERSION = 5.0;
				TARGETED_DEVICE_FAMILY = "1,2";
				TEST_HOST = "$(BUILT_PRODUCTS_DIR)/TextField.app/$(BUNDLE_EXECUTABLE_FOLDER_PATH)/TextField";
			};
			name = Release;
		};
		7AA4E55E29F2FBBC00ED785D /* Debug */ = {
			isa = XCBuildConfiguration;
			buildSettings = {
				ALWAYS_EMBED_SWIFT_STANDARD_LIBRARIES = YES;
				CODE_SIGN_STYLE = Automatic;
				CURRENT_PROJECT_VERSION = 1;
				DEVELOPMENT_TEAM = 8T8Q835Q57;
				GENERATE_INFOPLIST_FILE = YES;
				MARKETING_VERSION = 1.0;
				PRODUCT_BUNDLE_IDENTIFIER = com.imparedes.test.TextFieldUITests;
				PRODUCT_NAME = "$(TARGET_NAME)";
				SWIFT_EMIT_LOC_STRINGS = NO;
				SWIFT_VERSION = 5.0;
				TARGETED_DEVICE_FAMILY = "1,2";
				TEST_TARGET_NAME = TextField;
			};
			name = Debug;
		};
		7AA4E55F29F2FBBC00ED785D /* Release */ = {
			isa = XCBuildConfiguration;
			buildSettings = {
				ALWAYS_EMBED_SWIFT_STANDARD_LIBRARIES = YES;
				CODE_SIGN_STYLE = Automatic;
				CURRENT_PROJECT_VERSION = 1;
				DEVELOPMENT_TEAM = 8T8Q835Q57;
				GENERATE_INFOPLIST_FILE = YES;
				MARKETING_VERSION = 1.0;
				PRODUCT_BUNDLE_IDENTIFIER = com.imparedes.test.TextFieldUITests;
				PRODUCT_NAME = "$(TARGET_NAME)";
				SWIFT_EMIT_LOC_STRINGS = NO;
				SWIFT_VERSION = 5.0;
				TARGETED_DEVICE_FAMILY = "1,2";
				TEST_TARGET_NAME = TextField;
			};
			name = Release;
		};
/* End XCBuildConfiguration section */

/* Begin XCConfigurationList section */
		7AA4E52829F2FBB900ED785D /* Build configuration list for PBXProject "TextField" */ = {
			isa = XCConfigurationList;
			buildConfigurations = (
				7AA4E55529F2FBBC00ED785D /* Debug */,
				7AA4E55629F2FBBC00ED785D /* Release */,
			);
			defaultConfigurationIsVisible = 0;
			defaultConfigurationName = Release;
		};
		7AA4E55729F2FBBC00ED785D /* Build configuration list for PBXNativeTarget "TextField" */ = {
			isa = XCConfigurationList;
			buildConfigurations = (
				7AA4E55829F2FBBC00ED785D /* Debug */,
				7AA4E55929F2FBBC00ED785D /* Release */,
			);
			defaultConfigurationIsVisible = 0;
			defaultConfigurationName = Release;
		};
		7AA4E55A29F2FBBC00ED785D /* Build configuration list for PBXNativeTarget "TextFieldTests" */ = {
			isa = XCConfigurationList;
			buildConfigurations = (
				7AA4E55B29F2FBBC00ED785D /* Debug */,
				7AA4E55C29F2FBBC00ED785D /* Release */,
			);
			defaultConfigurationIsVisible = 0;
			defaultConfigurationName = Release;
		};
		7AA4E55D29F2FBBC00ED785D /* Build configuration list for PBXNativeTarget "TextFieldUITests" */ = {
			isa = XCConfigurationList;
			buildConfigurations = (
				7AA4E55E29F2FBBC00ED785D /* Debug */,
				7AA4E55F29F2FBBC00ED785D /* Release */,
			);
			defaultConfigurationIsVisible = 0;
			defaultConfigurationName = Release;
		};
/* End XCConfigurationList section */
	};
	rootObject = 7AA4E52529F2FBB900ED785D /* Project object */;
}
