// !$*UTF8*$!
{
	archiveVersion = 1;
	classes = {
	};
	objectVersion = 56;
	objects = {

/* Begin PBXBuildFile section */
		7A74B08529FAE75D008DA1BD /* AppDelegate.swift in Sources */ = {isa = PBXBuildFile; fileRef = 7A74B08429FAE75D008DA1BD /* AppDelegate.swift */; };
		7A74B08729FAE75D008DA1BD /* SceneDelegate.swift in Sources */ = {isa = PBXBuildFile; fileRef = 7A74B08629FAE75D008DA1BD /* SceneDelegate.swift */; };
		7A74B08929FAE75D008DA1BD /* ViewController.swift in Sources */ = {isa = PBXBuildFile; fileRef = 7A74B08829FAE75D008DA1BD /* ViewController.swift */; };
		7A74B08C29FAE75D008DA1BD /* Main.storyboard in Resources */ = {isa = PBXBuildFile; fileRef = 7A74B08A29FAE75D008DA1BD /* Main.storyboard */; };
		7A74B08E29FAE760008DA1BD /* Assets.xcassets in Resources */ = {isa = PBXBuildFile; fileRef = 7A74B08D29FAE760008DA1BD /* Assets.xcassets */; };
		7A74B09129FAE760008DA1BD /* LaunchScreen.storyboard in Resources */ = {isa = PBXBuildFile; fileRef = 7A74B08F29FAE760008DA1BD /* LaunchScreen.storyboard */; };
		7A74B0B529FAEF9D008DA1BD /* PasswordChanger.swift in Sources */ = {isa = PBXBuildFile; fileRef = 7A74B0B429FAEF9D008DA1BD /* PasswordChanger.swift */; };
		7A74B0B729FB0900008DA1BD /* ChangePasswordViewController.swift in Sources */ = {isa = PBXBuildFile; fileRef = 7A74B0B629FB0900008DA1BD /* ChangePasswordViewController.swift */; };
		7A74B0B929FB3CBD008DA1BD /* TestHelpers.swift in Sources */ = {isa = PBXBuildFile; fileRef = 7A74B0B829FB3CBD008DA1BD /* TestHelpers.swift */; };
		7A74B0BB29FC11A1008DA1BD /* MockPasswordChanger.swift in Sources */ = {isa = PBXBuildFile; fileRef = 7A74B0BA29FC11A1008DA1BD /* MockPasswordChanger.swift */; };
		7A74B0BD29FC1E58008DA1BD /* ChangePasswordViewControllerTests.swift in Sources */ = {isa = PBXBuildFile; fileRef = 7A74B0BC29FC1E58008DA1BD /* ChangePasswordViewControllerTests.swift */; };
		7AA3BFE129FC59CA000A3C68 /* ViewControllerPresentationSpy in Frameworks */ = {isa = PBXBuildFile; productRef = 7AA3BFE029FC59CA000A3C68 /* ViewControllerPresentationSpy */; };
		7AA3BFE429FC7A75000A3C68 /* ChangePasswordViewControllerSnapshotTests.swift in Sources */ = {isa = PBXBuildFile; fileRef = 7AA3BFE329FC7A75000A3C68 /* ChangePasswordViewControllerSnapshotTests.swift */; };
		7AA3BFE729FC7AD6000A3C68 /* iOSSnapshotTestCase in Frameworks */ = {isa = PBXBuildFile; productRef = 7AA3BFE629FC7AD6000A3C68 /* iOSSnapshotTestCase */; };
		7ADBAA8D2A0305330021BB12 /* ChangePasswordViewModel.swift in Sources */ = {isa = PBXBuildFile; fileRef = 7ADBAA8C2A0305330021BB12 /* ChangePasswordViewModel.swift */; };
		7ADBAA8F2A044B170021BB12 /* ChangePasswordViewCommands.swift in Sources */ = {isa = PBXBuildFile; fileRef = 7ADBAA8E2A044B170021BB12 /* ChangePasswordViewCommands.swift */; };
		7ADBAA912A044B740021BB12 /* ChangePasswordPresenter.swift in Sources */ = {isa = PBXBuildFile; fileRef = 7ADBAA902A044B740021BB12 /* ChangePasswordPresenter.swift */; };
/* End PBXBuildFile section */

/* Begin PBXContainerItemProxy section */
		7A74B09829FAE760008DA1BD /* PBXContainerItemProxy */ = {
			isa = PBXContainerItemProxy;
			containerPortal = 7A74B07929FAE75D008DA1BD /* Project object */;
			proxyType = 1;
			remoteGlobalIDString = 7A74B08029FAE75D008DA1BD;
			remoteInfo = Refactoring;
		};
/* End PBXContainerItemProxy section */

/* Begin PBXFileReference section */
		7A74B08129FAE75D008DA1BD /* Refactoring.app */ = {isa = PBXFileReference; explicitFileType = wrapper.application; includeInIndex = 0; path = Refactoring.app; sourceTree = BUILT_PRODUCTS_DIR; };
		7A74B08429FAE75D008DA1BD /* AppDelegate.swift */ = {isa = PBXFileReference; lastKnownFileType = sourcecode.swift; path = AppDelegate.swift; sourceTree = "<group>"; };
		7A74B08629FAE75D008DA1BD /* SceneDelegate.swift */ = {isa = PBXFileReference; lastKnownFileType = sourcecode.swift; path = SceneDelegate.swift; sourceTree = "<group>"; };
		7A74B08829FAE75D008DA1BD /* ViewController.swift */ = {isa = PBXFileReference; lastKnownFileType = sourcecode.swift; path = ViewController.swift; sourceTree = "<group>"; };
		7A74B08B29FAE75D008DA1BD /* Base */ = {isa = PBXFileReference; lastKnownFileType = file.storyboard; name = Base; path = Base.lproj/Main.storyboard; sourceTree = "<group>"; };
		7A74B08D29FAE760008DA1BD /* Assets.xcassets */ = {isa = PBXFileReference; lastKnownFileType = folder.assetcatalog; path = Assets.xcassets; sourceTree = "<group>"; };
		7A74B09029FAE760008DA1BD /* Base */ = {isa = PBXFileReference; lastKnownFileType = file.storyboard; name = Base; path = Base.lproj/LaunchScreen.storyboard; sourceTree = "<group>"; };
		7A74B09229FAE760008DA1BD /* Info.plist */ = {isa = PBXFileReference; lastKnownFileType = text.plist.xml; path = Info.plist; sourceTree = "<group>"; };
		7A74B09729FAE760008DA1BD /* RefactoringTests.xctest */ = {isa = PBXFileReference; explicitFileType = wrapper.cfbundle; includeInIndex = 0; path = RefactoringTests.xctest; sourceTree = BUILT_PRODUCTS_DIR; };
		7A74B0B429FAEF9D008DA1BD /* PasswordChanger.swift */ = {isa = PBXFileReference; lastKnownFileType = sourcecode.swift; path = PasswordChanger.swift; sourceTree = "<group>"; };
		7A74B0B629FB0900008DA1BD /* ChangePasswordViewController.swift */ = {isa = PBXFileReference; lastKnownFileType = sourcecode.swift; path = ChangePasswordViewController.swift; sourceTree = "<group>"; };
		7A74B0B829FB3CBD008DA1BD /* TestHelpers.swift */ = {isa = PBXFileReference; lastKnownFileType = sourcecode.swift; path = TestHelpers.swift; sourceTree = "<group>"; };
		7A74B0BA29FC11A1008DA1BD /* MockPasswordChanger.swift */ = {isa = PBXFileReference; lastKnownFileType = sourcecode.swift; path = MockPasswordChanger.swift; sourceTree = "<group>"; };
		7A74B0BC29FC1E58008DA1BD /* ChangePasswordViewControllerTests.swift */ = {isa = PBXFileReference; lastKnownFileType = sourcecode.swift; path = ChangePasswordViewControllerTests.swift; sourceTree = "<group>"; };
		7AA3BFE329FC7A75000A3C68 /* ChangePasswordViewControllerSnapshotTests.swift */ = {isa = PBXFileReference; lastKnownFileType = sourcecode.swift; path = ChangePasswordViewControllerSnapshotTests.swift; sourceTree = "<group>"; };
		7ADBAA8C2A0305330021BB12 /* ChangePasswordViewModel.swift */ = {isa = PBXFileReference; lastKnownFileType = sourcecode.swift; path = ChangePasswordViewModel.swift; sourceTree = "<group>"; };
		7ADBAA8E2A044B170021BB12 /* ChangePasswordViewCommands.swift */ = {isa = PBXFileReference; lastKnownFileType = sourcecode.swift; path = ChangePasswordViewCommands.swift; sourceTree = "<group>"; };
		7ADBAA902A044B740021BB12 /* ChangePasswordPresenter.swift */ = {isa = PBXFileReference; lastKnownFileType = sourcecode.swift; path = ChangePasswordPresenter.swift; sourceTree = "<group>"; };
/* End PBXFileReference section */

/* Begin PBXFrameworksBuildPhase section */
		7A74B07E29FAE75D008DA1BD /* Frameworks */ = {
			isa = PBXFrameworksBuildPhase;
			buildActionMask = 2147483647;
			files = (
			);
			runOnlyForDeploymentPostprocessing = 0;
		};
		7A74B09429FAE760008DA1BD /* Frameworks */ = {
			isa = PBXFrameworksBuildPhase;
			buildActionMask = 2147483647;
			files = (
				7AA3BFE729FC7AD6000A3C68 /* iOSSnapshotTestCase in Frameworks */,
				7AA3BFE129FC59CA000A3C68 /* ViewControllerPresentationSpy in Frameworks */,
			);
			runOnlyForDeploymentPostprocessing = 0;
		};
/* End PBXFrameworksBuildPhase section */

/* Begin PBXGroup section */
		7A74B07829FAE75D008DA1BD = {
			isa = PBXGroup;
			children = (
				7A74B08329FAE75D008DA1BD /* Refactoring */,
				7A74B09A29FAE760008DA1BD /* RefactoringTests */,
				7A74B08229FAE75D008DA1BD /* Products */,
			);
			sourceTree = "<group>";
		};
		7A74B08229FAE75D008DA1BD /* Products */ = {
			isa = PBXGroup;
			children = (
				7A74B08129FAE75D008DA1BD /* Refactoring.app */,
				7A74B09729FAE760008DA1BD /* RefactoringTests.xctest */,
			);
			name = Products;
			sourceTree = "<group>";
		};
		7A74B08329FAE75D008DA1BD /* Refactoring */ = {
			isa = PBXGroup;
			children = (
				7A74B08429FAE75D008DA1BD /* AppDelegate.swift */,
				7A74B08629FAE75D008DA1BD /* SceneDelegate.swift */,
				7A74B08829FAE75D008DA1BD /* ViewController.swift */,
				7A74B08A29FAE75D008DA1BD /* Main.storyboard */,
				7A74B08D29FAE760008DA1BD /* Assets.xcassets */,
				7A74B08F29FAE760008DA1BD /* LaunchScreen.storyboard */,
				7A74B09229FAE760008DA1BD /* Info.plist */,
				7A74B0B429FAEF9D008DA1BD /* PasswordChanger.swift */,
				7A74B0B629FB0900008DA1BD /* ChangePasswordViewController.swift */,
				7ADBAA8C2A0305330021BB12 /* ChangePasswordViewModel.swift */,
				7ADBAA8E2A044B170021BB12 /* ChangePasswordViewCommands.swift */,
				7ADBAA902A044B740021BB12 /* ChangePasswordPresenter.swift */,
			);
			path = Refactoring;
			sourceTree = "<group>";
		};
		7A74B09A29FAE760008DA1BD /* RefactoringTests */ = {
			isa = PBXGroup;
			children = (
				7A74B0B829FB3CBD008DA1BD /* TestHelpers.swift */,
				7A74B0BA29FC11A1008DA1BD /* MockPasswordChanger.swift */,
				7A74B0BC29FC1E58008DA1BD /* ChangePasswordViewControllerTests.swift */,
				7AA3BFE329FC7A75000A3C68 /* ChangePasswordViewControllerSnapshotTests.swift */,
			);
			path = RefactoringTests;
			sourceTree = "<group>";
		};
/* End PBXGroup section */

/* Begin PBXNativeTarget section */
		7A74B08029FAE75D008DA1BD /* Refactoring */ = {
			isa = PBXNativeTarget;
			buildConfigurationList = 7A74B0AB29FAE760008DA1BD /* Build configuration list for PBXNativeTarget "Refactoring" */;
			buildPhases = (
				7A74B07D29FAE75D008DA1BD /* Sources */,
				7A74B07E29FAE75D008DA1BD /* Frameworks */,
				7A74B07F29FAE75D008DA1BD /* Resources */,
			);
			buildRules = (
			);
			dependencies = (
			);
			name = Refactoring;
			productName = Refactoring;
			productReference = 7A74B08129FAE75D008DA1BD /* Refactoring.app */;
			productType = "com.apple.product-type.application";
		};
		7A74B09629FAE760008DA1BD /* RefactoringTests */ = {
			isa = PBXNativeTarget;
			buildConfigurationList = 7A74B0AE29FAE760008DA1BD /* Build configuration list for PBXNativeTarget "RefactoringTests" */;
			buildPhases = (
				7A74B09329FAE760008DA1BD /* Sources */,
				7A74B09429FAE760008DA1BD /* Frameworks */,
				7A74B09529FAE760008DA1BD /* Resources */,
			);
			buildRules = (
			);
			dependencies = (
				7A74B09929FAE760008DA1BD /* PBXTargetDependency */,
			);
			name = RefactoringTests;
			packageProductDependencies = (
				7AA3BFE029FC59CA000A3C68 /* ViewControllerPresentationSpy */,
				7AA3BFE629FC7AD6000A3C68 /* iOSSnapshotTestCase */,
			);
			productName = RefactoringTests;
			productReference = 7A74B09729FAE760008DA1BD /* RefactoringTests.xctest */;
			productType = "com.apple.product-type.bundle.unit-test";
		};
/* End PBXNativeTarget section */

/* Begin PBXProject section */
		7A74B07929FAE75D008DA1BD /* Project object */ = {
			isa = PBXProject;
			attributes = {
				BuildIndependentTargetsInParallel = 1;
				LastSwiftUpdateCheck = 1430;
				LastUpgradeCheck = 1430;
				TargetAttributes = {
					7A74B08029FAE75D008DA1BD = {
						CreatedOnToolsVersion = 14.3;
					};
					7A74B09629FAE760008DA1BD = {
						CreatedOnToolsVersion = 14.3;
						TestTargetID = 7A74B08029FAE75D008DA1BD;
					};
				};
			};
			buildConfigurationList = 7A74B07C29FAE75D008DA1BD /* Build configuration list for PBXProject "Refactoring" */;
			compatibilityVersion = "Xcode 14.0";
			developmentRegion = en;
			hasScannedForEncodings = 0;
			knownRegions = (
				en,
				Base,
			);
			mainGroup = 7A74B07829FAE75D008DA1BD;
			packageReferences = (
				7AA3BFDF29FC59CA000A3C68 /* XCRemoteSwiftPackageReference "ViewControllerPresentationSpy" */,
				7AA3BFE529FC7AD6000A3C68 /* XCRemoteSwiftPackageReference "ios-snapshot-test-case" */,
			);
			productRefGroup = 7A74B08229FAE75D008DA1BD /* Products */;
			projectDirPath = "";
			projectRoot = "";
			targets = (
				7A74B08029FAE75D008DA1BD /* Refactoring */,
				7A74B09629FAE760008DA1BD /* RefactoringTests */,
			);
		};
/* End PBXProject section */

/* Begin PBXResourcesBuildPhase section */
		7A74B07F29FAE75D008DA1BD /* Resources */ = {
			isa = PBXResourcesBuildPhase;
			buildActionMask = 2147483647;
			files = (
				7A74B09129FAE760008DA1BD /* LaunchScreen.storyboard in Resources */,
				7A74B08E29FAE760008DA1BD /* Assets.xcassets in Resources */,
				7A74B08C29FAE75D008DA1BD /* Main.storyboard in Resources */,
			);
			runOnlyForDeploymentPostprocessing = 0;
		};
		7A74B09529FAE760008DA1BD /* Resources */ = {
			isa = PBXResourcesBuildPhase;
			buildActionMask = 2147483647;
			files = (
			);
			runOnlyForDeploymentPostprocessing = 0;
		};
/* End PBXResourcesBuildPhase section */

/* Begin PBXSourcesBuildPhase section */
		7A74B07D29FAE75D008DA1BD /* Sources */ = {
			isa = PBXSourcesBuildPhase;
			buildActionMask = 2147483647;
			files = (
				7A74B08929FAE75D008DA1BD /* ViewController.swift in Sources */,
				7ADBAA912A044B740021BB12 /* ChangePasswordPresenter.swift in Sources */,
				7ADBAA8D2A0305330021BB12 /* ChangePasswordViewModel.swift in Sources */,
				7A74B08529FAE75D008DA1BD /* AppDelegate.swift in Sources */,
				7ADBAA8F2A044B170021BB12 /* ChangePasswordViewCommands.swift in Sources */,
				7A74B08729FAE75D008DA1BD /* SceneDelegate.swift in Sources */,
				7A74B0B729FB0900008DA1BD /* ChangePasswordViewController.swift in Sources */,
				7A74B0B529FAEF9D008DA1BD /* PasswordChanger.swift in Sources */,
			);
			runOnlyForDeploymentPostprocessing = 0;
		};
		7A74B09329FAE760008DA1BD /* Sources */ = {
			isa = PBXSourcesBuildPhase;
			buildActionMask = 2147483647;
			files = (
				7A74B0B929FB3CBD008DA1BD /* TestHelpers.swift in Sources */,
				7AA3BFE429FC7A75000A3C68 /* ChangePasswordViewControllerSnapshotTests.swift in Sources */,
				7A74B0BD29FC1E58008DA1BD /* ChangePasswordViewControllerTests.swift in Sources */,
				7A74B0BB29FC11A1008DA1BD /* MockPasswordChanger.swift in Sources */,
			);
			runOnlyForDeploymentPostprocessing = 0;
		};
/* End PBXSourcesBuildPhase section */

/* Begin PBXTargetDependency section */
		7A74B09929FAE760008DA1BD /* PBXTargetDependency */ = {
			isa = PBXTargetDependency;
			target = 7A74B08029FAE75D008DA1BD /* Refactoring */;
			targetProxy = 7A74B09829FAE760008DA1BD /* PBXContainerItemProxy */;
		};
/* End PBXTargetDependency section */

/* Begin PBXVariantGroup section */
		7A74B08A29FAE75D008DA1BD /* Main.storyboard */ = {
			isa = PBXVariantGroup;
			children = (
				7A74B08B29FAE75D008DA1BD /* Base */,
			);
			name = Main.storyboard;
			sourceTree = "<group>";
		};
		7A74B08F29FAE760008DA1BD /* LaunchScreen.storyboard */ = {
			isa = PBXVariantGroup;
			children = (
				7A74B09029FAE760008DA1BD /* Base */,
			);
			name = LaunchScreen.storyboard;
			sourceTree = "<group>";
		};
/* End PBXVariantGroup section */

/* Begin XCBuildConfiguration section */
		7A74B0A929FAE760008DA1BD /* Debug */ = {
			isa = XCBuildConfiguration;
			buildSettings = {
				ALWAYS_SEARCH_USER_PATHS = NO;
				CLANG_ANALYZER_NONNULL = YES;
				CLANG_ANALYZER_NUMBER_OBJECT_CONVERSION = YES_AGGRESSIVE;
				CLANG_CXX_LANGUAGE_STANDARD = "gnu++20";
				CLANG_ENABLE_MODULES = YES;
				CLANG_ENABLE_OBJC_ARC = YES;
				CLANG_ENABLE_OBJC_WEAK = YES;
				CLANG_WARN_BLOCK_CAPTURE_AUTORELEASING = YES;
				CLANG_WARN_BOOL_CONVERSION = YES;
				CLANG_WARN_COMMA = YES;
				CLANG_WARN_CONSTANT_CONVERSION = YES;
				CLANG_WARN_DEPRECATED_OBJC_IMPLEMENTATIONS = YES;
				CLANG_WARN_DIRECT_OBJC_ISA_USAGE = YES_ERROR;
				CLANG_WARN_DOCUMENTATION_COMMENTS = YES;
				CLANG_WARN_EMPTY_BODY = YES;
				CLANG_WARN_ENUM_CONVERSION = YES;
				CLANG_WARN_INFINITE_RECURSION = YES;
				CLANG_WARN_INT_CONVERSION = YES;
				CLANG_WARN_NON_LITERAL_NULL_CONVERSION = YES;
				CLANG_WARN_OBJC_IMPLICIT_RETAIN_SELF = YES;
				CLANG_WARN_OBJC_LITERAL_CONVERSION = YES;
				CLANG_WARN_OBJC_ROOT_CLASS = YES_ERROR;
				CLANG_WARN_QUOTED_INCLUDE_IN_FRAMEWORK_HEADER = YES;
				CLANG_WARN_RANGE_LOOP_ANALYSIS = YES;
				CLANG_WARN_STRICT_PROTOTYPES = YES;
				CLANG_WARN_SUSPICIOUS_MOVE = YES;
				CLANG_WARN_UNGUARDED_AVAILABILITY = YES_AGGRESSIVE;
				CLANG_WARN_UNREACHABLE_CODE = YES;
				CLANG_WARN__DUPLICATE_METHOD_MATCH = YES;
				COPY_PHASE_STRIP = NO;
				DEBUG_INFORMATION_FORMAT = dwarf;
				ENABLE_STRICT_OBJC_MSGSEND = YES;
				ENABLE_TESTABILITY = YES;
				GCC_C_LANGUAGE_STANDARD = gnu11;
				GCC_DYNAMIC_NO_PIC = NO;
				GCC_NO_COMMON_BLOCKS = YES;
				GCC_OPTIMIZATION_LEVEL = 0;
				GCC_PREPROCESSOR_DEFINITIONS = (
					"DEBUG=1",
					"$(inherited)",
				);
				GCC_WARN_64_TO_32_BIT_CONVERSION = YES;
				GCC_WARN_ABOUT_RETURN_TYPE = YES_ERROR;
				GCC_WARN_UNDECLARED_SELECTOR = YES;
				GCC_WARN_UNINITIALIZED_AUTOS = YES_AGGRESSIVE;
				GCC_WARN_UNUSED_FUNCTION = YES;
				GCC_WARN_UNUSED_VARIABLE = YES;
				IPHONEOS_DEPLOYMENT_TARGET = 16.4;
				MTL_ENABLE_DEBUG_INFO = INCLUDE_SOURCE;
				MTL_FAST_MATH = YES;
				ONLY_ACTIVE_ARCH = YES;
				SDKROOT = iphoneos;
				SWIFT_ACTIVE_COMPILATION_CONDITIONS = DEBUG;
				SWIFT_OPTIMIZATION_LEVEL = "-Onone";
			};
			name = Debug;
		};
		7A74B0AA29FAE760008DA1BD /* Release */ = {
			isa = XCBuildConfiguration;
			buildSettings = {
				ALWAYS_SEARCH_USER_PATHS = NO;
				CLANG_ANALYZER_NONNULL = YES;
				CLANG_ANALYZER_NUMBER_OBJECT_CONVERSION = YES_AGGRESSIVE;
				CLANG_CXX_LANGUAGE_STANDARD = "gnu++20";
				CLANG_ENABLE_MODULES = YES;
				CLANG_ENABLE_OBJC_ARC = YES;
				CLANG_ENABLE_OBJC_WEAK = YES;
				CLANG_WARN_BLOCK_CAPTURE_AUTORELEASING = YES;
				CLANG_WARN_BOOL_CONVERSION = YES;
				CLANG_WARN_COMMA = YES;
				CLANG_WARN_CONSTANT_CONVERSION = YES;
				CLANG_WARN_DEPRECATED_OBJC_IMPLEMENTATIONS = YES;
				CLANG_WARN_DIRECT_OBJC_ISA_USAGE = YES_ERROR;
				CLANG_WARN_DOCUMENTATION_COMMENTS = YES;
				CLANG_WARN_EMPTY_BODY = YES;
				CLANG_WARN_ENUM_CONVERSION = YES;
				CLANG_WARN_INFINITE_RECURSION = YES;
				CLANG_WARN_INT_CONVERSION = YES;
				CLANG_WARN_NON_LITERAL_NULL_CONVERSION = YES;
				CLANG_WARN_OBJC_IMPLICIT_RETAIN_SELF = YES;
				CLANG_WARN_OBJC_LITERAL_CONVERSION = YES;
				CLANG_WARN_OBJC_ROOT_CLASS = YES_ERROR;
				CLANG_WARN_QUOTED_INCLUDE_IN_FRAMEWORK_HEADER = YES;
				CLANG_WARN_RANGE_LOOP_ANALYSIS = YES;
				CLANG_WARN_STRICT_PROTOTYPES = YES;
				CLANG_WARN_SUSPICIOUS_MOVE = YES;
				CLANG_WARN_UNGUARDED_AVAILABILITY = YES_AGGRESSIVE;
				CLANG_WARN_UNREACHABLE_CODE = YES;
				CLANG_WARN__DUPLICATE_METHOD_MATCH = YES;
				COPY_PHASE_STRIP = NO;
				DEBUG_INFORMATION_FORMAT = "dwarf-with-dsym";
				ENABLE_NS_ASSERTIONS = NO;
				ENABLE_STRICT_OBJC_MSGSEND = YES;
				GCC_C_LANGUAGE_STANDARD = gnu11;
				GCC_NO_COMMON_BLOCKS = YES;
				GCC_WARN_64_TO_32_BIT_CONVERSION = YES;
				GCC_WARN_ABOUT_RETURN_TYPE = YES_ERROR;
				GCC_WARN_UNDECLARED_SELECTOR = YES;
				GCC_WARN_UNINITIALIZED_AUTOS = YES_AGGRESSIVE;
				GCC_WARN_UNUSED_FUNCTION = YES;
				GCC_WARN_UNUSED_VARIABLE = YES;
				IPHONEOS_DEPLOYMENT_TARGET = 16.4;
				MTL_ENABLE_DEBUG_INFO = NO;
				MTL_FAST_MATH = YES;
				SDKROOT = iphoneos;
				SWIFT_COMPILATION_MODE = wholemodule;
				SWIFT_OPTIMIZATION_LEVEL = "-O";
				VALIDATE_PRODUCT = YES;
			};
			name = Release;
		};
		7A74B0AC29FAE760008DA1BD /* Debug */ = {
			isa = XCBuildConfiguration;
			buildSettings = {
				ASSETCATALOG_COMPILER_APPICON_NAME = AppIcon;
				ASSETCATALOG_COMPILER_GLOBAL_ACCENT_COLOR_NAME = AccentColor;
				CODE_SIGN_STYLE = Automatic;
				CURRENT_PROJECT_VERSION = 1;
				DEVELOPMENT_TEAM = 8T8Q835Q57;
				GENERATE_INFOPLIST_FILE = YES;
				INFOPLIST_FILE = Refactoring/Info.plist;
				INFOPLIST_KEY_UIApplicationSupportsIndirectInputEvents = YES;
				INFOPLIST_KEY_UILaunchStoryboardName = LaunchScreen;
				INFOPLIST_KEY_UIMainStoryboardFile = Main;
				INFOPLIST_KEY_UISupportedInterfaceOrientations_iPad = "UIInterfaceOrientationPortrait UIInterfaceOrientationPortraitUpsideDown UIInterfaceOrientationLandscapeLeft UIInterfaceOrientationLandscapeRight";
				INFOPLIST_KEY_UISupportedInterfaceOrientations_iPhone = "UIInterfaceOrientationPortrait UIInterfaceOrientationLandscapeLeft UIInterfaceOrientationLandscapeRight";
				LD_RUNPATH_SEARCH_PATHS = (
					"$(inherited)",
					"@executable_path/Frameworks",
				);
				MARKETING_VERSION = 1.0;
				PRODUCT_BUNDLE_IDENTIFIER = com.imparedes.test.Refactoring;
				PRODUCT_NAME = "$(TARGET_NAME)";
				SWIFT_EMIT_LOC_STRINGS = YES;
				SWIFT_VERSION = 5.0;
				TARGETED_DEVICE_FAMILY = "1,2";
			};
			name = Debug;
		};
		7A74B0AD29FAE760008DA1BD /* Release */ = {
			isa = XCBuildConfiguration;
			buildSettings = {
				ASSETCATALOG_COMPILER_APPICON_NAME = AppIcon;
				ASSETCATALOG_COMPILER_GLOBAL_ACCENT_COLOR_NAME = AccentColor;
				CODE_SIGN_STYLE = Automatic;
				CURRENT_PROJECT_VERSION = 1;
				DEVELOPMENT_TEAM = 8T8Q835Q57;
				GENERATE_INFOPLIST_FILE = YES;
				INFOPLIST_FILE = Refactoring/Info.plist;
				INFOPLIST_KEY_UIApplicationSupportsIndirectInputEvents = YES;
				INFOPLIST_KEY_UILaunchStoryboardName = LaunchScreen;
				INFOPLIST_KEY_UIMainStoryboardFile = Main;
				INFOPLIST_KEY_UISupportedInterfaceOrientations_iPad = "UIInterfaceOrientationPortrait UIInterfaceOrientationPortraitUpsideDown UIInterfaceOrientationLandscapeLeft UIInterfaceOrientationLandscapeRight";
				INFOPLIST_KEY_UISupportedInterfaceOrientations_iPhone = "UIInterfaceOrientationPortrait UIInterfaceOrientationLandscapeLeft UIInterfaceOrientationLandscapeRight";
				LD_RUNPATH_SEARCH_PATHS = (
					"$(inherited)",
					"@executable_path/Frameworks",
				);
				MARKETING_VERSION = 1.0;
				PRODUCT_BUNDLE_IDENTIFIER = com.imparedes.test.Refactoring;
				PRODUCT_NAME = "$(TARGET_NAME)";
				SWIFT_EMIT_LOC_STRINGS = YES;
				SWIFT_VERSION = 5.0;
				TARGETED_DEVICE_FAMILY = "1,2";
			};
			name = Release;
		};
		7A74B0AF29FAE760008DA1BD /* Debug */ = {
			isa = XCBuildConfiguration;
			buildSettings = {
				ALWAYS_EMBED_SWIFT_STANDARD_LIBRARIES = YES;
				BUNDLE_LOADER = "$(TEST_HOST)";
				CODE_SIGN_STYLE = Automatic;
				CURRENT_PROJECT_VERSION = 1;
				DEVELOPMENT_TEAM = 8T8Q835Q57;
				GENERATE_INFOPLIST_FILE = YES;
				IPHONEOS_DEPLOYMENT_TARGET = 16.4;
				MARKETING_VERSION = 1.0;
				PRODUCT_BUNDLE_IDENTIFIER = com.imparedes.test.RefactoringTests;
				PRODUCT_NAME = "$(TARGET_NAME)";
				SWIFT_EMIT_LOC_STRINGS = NO;
				SWIFT_VERSION = 5.0;
				TARGETED_DEVICE_FAMILY = "1,2";
				TEST_HOST = "$(BUILT_PRODUCTS_DIR)/Refactoring.app/$(BUNDLE_EXECUTABLE_FOLDER_PATH)/Refactoring";
			};
			name = Debug;
		};
		7A74B0B029FAE760008DA1BD /* Release */ = {
			isa = XCBuildConfiguration;
			buildSettings = {
				ALWAYS_EMBED_SWIFT_STANDARD_LIBRARIES = YES;
				BUNDLE_LOADER = "$(TEST_HOST)";
				CODE_SIGN_STYLE = Automatic;
				CURRENT_PROJECT_VERSION = 1;
				DEVELOPMENT_TEAM = 8T8Q835Q57;
				GENERATE_INFOPLIST_FILE = YES;
				IPHONEOS_DEPLOYMENT_TARGET = 16.4;
				MARKETING_VERSION = 1.0;
				PRODUCT_BUNDLE_IDENTIFIER = com.imparedes.test.RefactoringTests;
				PRODUCT_NAME = "$(TARGET_NAME)";
				SWIFT_EMIT_LOC_STRINGS = NO;
				SWIFT_VERSION = 5.0;
				TARGETED_DEVICE_FAMILY = "1,2";
				TEST_HOST = "$(BUILT_PRODUCTS_DIR)/Refactoring.app/$(BUNDLE_EXECUTABLE_FOLDER_PATH)/Refactoring";
			};
			name = Release;
		};
/* End XCBuildConfiguration section */

/* Begin XCConfigurationList section */
		7A74B07C29FAE75D008DA1BD /* Build configuration list for PBXProject "Refactoring" */ = {
			isa = XCConfigurationList;
			buildConfigurations = (
				7A74B0A929FAE760008DA1BD /* Debug */,
				7A74B0AA29FAE760008DA1BD /* Release */,
			);
			defaultConfigurationIsVisible = 0;
			defaultConfigurationName = Release;
		};
		7A74B0AB29FAE760008DA1BD /* Build configuration list for PBXNativeTarget "Refactoring" */ = {
			isa = XCConfigurationList;
			buildConfigurations = (
				7A74B0AC29FAE760008DA1BD /* Debug */,
				7A74B0AD29FAE760008DA1BD /* Release */,
			);
			defaultConfigurationIsVisible = 0;
			defaultConfigurationName = Release;
		};
		7A74B0AE29FAE760008DA1BD /* Build configuration list for PBXNativeTarget "RefactoringTests" */ = {
			isa = XCConfigurationList;
			buildConfigurations = (
				7A74B0AF29FAE760008DA1BD /* Debug */,
				7A74B0B029FAE760008DA1BD /* Release */,
			);
			defaultConfigurationIsVisible = 0;
			defaultConfigurationName = Release;
		};
/* End XCConfigurationList section */

/* Begin XCRemoteSwiftPackageReference section */
		7AA3BFDF29FC59CA000A3C68 /* XCRemoteSwiftPackageReference "ViewControllerPresentationSpy" */ = {
			isa = XCRemoteSwiftPackageReference;
			repositoryURL = "https://github.com/jonreid/ViewControllerPresentationSpy";
			requirement = {
				branch = main;
				kind = branch;
			};
		};
		7AA3BFE529FC7AD6000A3C68 /* XCRemoteSwiftPackageReference "ios-snapshot-test-case" */ = {
			isa = XCRemoteSwiftPackageReference;
			repositoryURL = "https://github.com/uber/ios-snapshot-test-case.git";
			requirement = {
				branch = main;
				kind = branch;
			};
		};
/* End XCRemoteSwiftPackageReference section */

/* Begin XCSwiftPackageProductDependency section */
		7AA3BFE029FC59CA000A3C68 /* ViewControllerPresentationSpy */ = {
			isa = XCSwiftPackageProductDependency;
			package = 7AA3BFDF29FC59CA000A3C68 /* XCRemoteSwiftPackageReference "ViewControllerPresentationSpy" */;
			productName = ViewControllerPresentationSpy;
		};
		7AA3BFE629FC7AD6000A3C68 /* iOSSnapshotTestCase */ = {
			isa = XCSwiftPackageProductDependency;
			package = 7AA3BFE529FC7AD6000A3C68 /* XCRemoteSwiftPackageReference "ios-snapshot-test-case" */;
			productName = iOSSnapshotTestCase;
		};
/* End XCSwiftPackageProductDependency section */
	};
	rootObject = 7A74B07929FAE75D008DA1BD /* Project object */;
}
