// !$*UTF8*$!
{
	archiveVersion = 1;
	classes = {
	};
	objectVersion = 56;
	objects = {

/* Begin PBXBuildFile section */
		7AA4E5B329F82C1000ED785D /* AppDelegate.swift in Sources */ = {isa = PBXBuildFile; fileRef = 7AA4E5B229F82C1000ED785D /* AppDelegate.swift */; };
		7AA4E5B529F82C1000ED785D /* SceneDelegate.swift in Sources */ = {isa = PBXBuildFile; fileRef = 7AA4E5B429F82C1000ED785D /* SceneDelegate.swift */; };
		7AA4E5B729F82C1000ED785D /* ViewController.swift in Sources */ = {isa = PBXBuildFile; fileRef = 7AA4E5B629F82C1000ED785D /* ViewController.swift */; };
		7AA4E5BA29F82C1000ED785D /* Main.storyboard in Resources */ = {isa = PBXBuildFile; fileRef = 7AA4E5B829F82C1000ED785D /* Main.storyboard */; };
		7AA4E5BC29F82C1200ED785D /* Assets.xcassets in Resources */ = {isa = PBXBuildFile; fileRef = 7AA4E5BB29F82C1200ED785D /* Assets.xcassets */; };
		7AA4E5BF29F82C1200ED785D /* LaunchScreen.storyboard in Resources */ = {isa = PBXBuildFile; fileRef = 7AA4E5BD29F82C1200ED785D /* LaunchScreen.storyboard */; };
		7AA4E5CA29F82C1200ED785D /* SnapshotTests.swift in Sources */ = {isa = PBXBuildFile; fileRef = 7AA4E5C929F82C1200ED785D /* SnapshotTests.swift */; };
		7AA4E5D429F82C1300ED785D /* SnapshotUITests.swift in Sources */ = {isa = PBXBuildFile; fileRef = 7AA4E5D329F82C1300ED785D /* SnapshotUITests.swift */; };
		7AA4E5D629F82C1300ED785D /* SnapshotUITestsLaunchTests.swift in Sources */ = {isa = PBXBuildFile; fileRef = 7AA4E5D529F82C1300ED785D /* SnapshotUITestsLaunchTests.swift */; };
/* End PBXBuildFile section */

/* Begin PBXContainerItemProxy section */
		7AA4E5C629F82C1200ED785D /* PBXContainerItemProxy */ = {
			isa = PBXContainerItemProxy;
			containerPortal = 7AA4E5A729F82C1000ED785D /* Project object */;
			proxyType = 1;
			remoteGlobalIDString = 7AA4E5AE29F82C1000ED785D;
			remoteInfo = Snapshot;
		};
		7AA4E5D029F82C1300ED785D /* PBXContainerItemProxy */ = {
			isa = PBXContainerItemProxy;
			containerPortal = 7AA4E5A729F82C1000ED785D /* Project object */;
			proxyType = 1;
			remoteGlobalIDString = 7AA4E5AE29F82C1000ED785D;
			remoteInfo = Snapshot;
		};
/* End PBXContainerItemProxy section */

/* Begin PBXFileReference section */
		7AA4E5AF29F82C1000ED785D /* Snapshot.app */ = {isa = PBXFileReference; explicitFileType = wrapper.application; includeInIndex = 0; path = Snapshot.app; sourceTree = BUILT_PRODUCTS_DIR; };
		7AA4E5B229F82C1000ED785D /* AppDelegate.swift */ = {isa = PBXFileReference; lastKnownFileType = sourcecode.swift; path = AppDelegate.swift; sourceTree = "<group>"; };
		7AA4E5B429F82C1000ED785D /* SceneDelegate.swift */ = {isa = PBXFileReference; lastKnownFileType = sourcecode.swift; path = SceneDelegate.swift; sourceTree = "<group>"; };
		7AA4E5B629F82C1000ED785D /* ViewController.swift */ = {isa = PBXFileReference; lastKnownFileType = sourcecode.swift; path = ViewController.swift; sourceTree = "<group>"; };
		7AA4E5B929F82C1000ED785D /* Base */ = {isa = PBXFileReference; lastKnownFileType = file.storyboard; name = Base; path = Base.lproj/Main.storyboard; sourceTree = "<group>"; };
		7AA4E5BB29F82C1200ED785D /* Assets.xcassets */ = {isa = PBXFileReference; lastKnownFileType = folder.assetcatalog; path = Assets.xcassets; sourceTree = "<group>"; };
		7AA4E5BE29F82C1200ED785D /* Base */ = {isa = PBXFileReference; lastKnownFileType = file.storyboard; name = Base; path = Base.lproj/LaunchScreen.storyboard; sourceTree = "<group>"; };
		7AA4E5C029F82C1200ED785D /* Info.plist */ = {isa = PBXFileReference; lastKnownFileType = text.plist.xml; path = Info.plist; sourceTree = "<group>"; };
		7AA4E5C529F82C1200ED785D /* SnapshotTests.xctest */ = {isa = PBXFileReference; explicitFileType = wrapper.cfbundle; includeInIndex = 0; path = SnapshotTests.xctest; sourceTree = BUILT_PRODUCTS_DIR; };
		7AA4E5C929F82C1200ED785D /* SnapshotTests.swift */ = {isa = PBXFileReference; lastKnownFileType = sourcecode.swift; path = SnapshotTests.swift; sourceTree = "<group>"; };
		7AA4E5CF29F82C1300ED785D /* SnapshotUITests.xctest */ = {isa = PBXFileReference; explicitFileType = wrapper.cfbundle; includeInIndex = 0; path = SnapshotUITests.xctest; sourceTree = BUILT_PRODUCTS_DIR; };
		7AA4E5D329F82C1300ED785D /* SnapshotUITests.swift */ = {isa = PBXFileReference; lastKnownFileType = sourcecode.swift; path = SnapshotUITests.swift; sourceTree = "<group>"; };
		7AA4E5D529F82C1300ED785D /* SnapshotUITestsLaunchTests.swift */ = {isa = PBXFileReference; lastKnownFileType = sourcecode.swift; path = SnapshotUITestsLaunchTests.swift; sourceTree = "<group>"; };
/* End PBXFileReference section */

/* Begin PBXFrameworksBuildPhase section */
		7AA4E5AC29F82C1000ED785D /* Frameworks */ = {
			isa = PBXFrameworksBuildPhase;
			buildActionMask = 2147483647;
			files = (
			);
			runOnlyForDeploymentPostprocessing = 0;
		};
		7AA4E5C229F82C1200ED785D /* Frameworks */ = {
			isa = PBXFrameworksBuildPhase;
			buildActionMask = 2147483647;
			files = (
			);
			runOnlyForDeploymentPostprocessing = 0;
		};
		7AA4E5CC29F82C1300ED785D /* Frameworks */ = {
			isa = PBXFrameworksBuildPhase;
			buildActionMask = 2147483647;
			files = (
			);
			runOnlyForDeploymentPostprocessing = 0;
		};
/* End PBXFrameworksBuildPhase section */

/* Begin PBXGroup section */
		7AA4E5A629F82C1000ED785D = {
			isa = PBXGroup;
			children = (
				7AA4E5B129F82C1000ED785D /* Snapshot */,
				7AA4E5C829F82C1200ED785D /* SnapshotTests */,
				7AA4E5D229F82C1300ED785D /* SnapshotUITests */,
				7AA4E5B029F82C1000ED785D /* Products */,
			);
			sourceTree = "<group>";
		};
		7AA4E5B029F82C1000ED785D /* Products */ = {
			isa = PBXGroup;
			children = (
				7AA4E5AF29F82C1000ED785D /* Snapshot.app */,
				7AA4E5C529F82C1200ED785D /* SnapshotTests.xctest */,
				7AA4E5CF29F82C1300ED785D /* SnapshotUITests.xctest */,
			);
			name = Products;
			sourceTree = "<group>";
		};
		7AA4E5B129F82C1000ED785D /* Snapshot */ = {
			isa = PBXGroup;
			children = (
				7AA4E5B229F82C1000ED785D /* AppDelegate.swift */,
				7AA4E5B429F82C1000ED785D /* SceneDelegate.swift */,
				7AA4E5B629F82C1000ED785D /* ViewController.swift */,
				7AA4E5B829F82C1000ED785D /* Main.storyboard */,
				7AA4E5BB29F82C1200ED785D /* Assets.xcassets */,
				7AA4E5BD29F82C1200ED785D /* LaunchScreen.storyboard */,
				7AA4E5C029F82C1200ED785D /* Info.plist */,
			);
			path = Snapshot;
			sourceTree = "<group>";
		};
		7AA4E5C829F82C1200ED785D /* SnapshotTests */ = {
			isa = PBXGroup;
			children = (
				7AA4E5C929F82C1200ED785D /* SnapshotTests.swift */,
			);
			path = SnapshotTests;
			sourceTree = "<group>";
		};
		7AA4E5D229F82C1300ED785D /* SnapshotUITests */ = {
			isa = PBXGroup;
			children = (
				7AA4E5D329F82C1300ED785D /* SnapshotUITests.swift */,
				7AA4E5D529F82C1300ED785D /* SnapshotUITestsLaunchTests.swift */,
			);
			path = SnapshotUITests;
			sourceTree = "<group>";
		};
/* End PBXGroup section */

/* Begin PBXNativeTarget section */
		7AA4E5AE29F82C1000ED785D /* Snapshot */ = {
			isa = PBXNativeTarget;
			buildConfigurationList = 7AA4E5D929F82C1300ED785D /* Build configuration list for PBXNativeTarget "Snapshot" */;
			buildPhases = (
				7AA4E5AB29F82C1000ED785D /* Sources */,
				7AA4E5AC29F82C1000ED785D /* Frameworks */,
				7AA4E5AD29F82C1000ED785D /* Resources */,
			);
			buildRules = (
			);
			dependencies = (
			);
			name = Snapshot;
			productName = Snapshot;
			productReference = 7AA4E5AF29F82C1000ED785D /* Snapshot.app */;
			productType = "com.apple.product-type.application";
		};
		7AA4E5C429F82C1200ED785D /* SnapshotTests */ = {
			isa = PBXNativeTarget;
			buildConfigurationList = 7AA4E5DC29F82C1300ED785D /* Build configuration list for PBXNativeTarget "SnapshotTests" */;
			buildPhases = (
				7AA4E5C129F82C1200ED785D /* Sources */,
				7AA4E5C229F82C1200ED785D /* Frameworks */,
				7AA4E5C329F82C1200ED785D /* Resources */,
			);
			buildRules = (
			);
			dependencies = (
				7AA4E5C729F82C1200ED785D /* PBXTargetDependency */,
			);
			name = SnapshotTests;
			productName = SnapshotTests;
			productReference = 7AA4E5C529F82C1200ED785D /* SnapshotTests.xctest */;
			productType = "com.apple.product-type.bundle.unit-test";
		};
		7AA4E5CE29F82C1300ED785D /* SnapshotUITests */ = {
			isa = PBXNativeTarget;
			buildConfigurationList = 7AA4E5DF29F82C1300ED785D /* Build configuration list for PBXNativeTarget "SnapshotUITests" */;
			buildPhases = (
				7AA4E5CB29F82C1300ED785D /* Sources */,
				7AA4E5CC29F82C1300ED785D /* Frameworks */,
				7AA4E5CD29F82C1300ED785D /* Resources */,
			);
			buildRules = (
			);
			dependencies = (
				7AA4E5D129F82C1300ED785D /* PBXTargetDependency */,
			);
			name = SnapshotUITests;
			productName = SnapshotUITests;
			productReference = 7AA4E5CF29F82C1300ED785D /* SnapshotUITests.xctest */;
			productType = "com.apple.product-type.bundle.ui-testing";
		};
/* End PBXNativeTarget section */

/* Begin PBXProject section */
		7AA4E5A729F82C1000ED785D /* Project object */ = {
			isa = PBXProject;
			attributes = {
				BuildIndependentTargetsInParallel = 1;
				LastSwiftUpdateCheck = 1430;
				LastUpgradeCheck = 1430;
				TargetAttributes = {
					7AA4E5AE29F82C1000ED785D = {
						CreatedOnToolsVersion = 14.3;
					};
					7AA4E5C429F82C1200ED785D = {
						CreatedOnToolsVersion = 14.3;
						TestTargetID = 7AA4E5AE29F82C1000ED785D;
					};
					7AA4E5CE29F82C1300ED785D = {
						CreatedOnToolsVersion = 14.3;
						TestTargetID = 7AA4E5AE29F82C1000ED785D;
					};
				};
			};
			buildConfigurationList = 7AA4E5AA29F82C1000ED785D /* Build configuration list for PBXProject "Snapshot" */;
			compatibilityVersion = "Xcode 14.0";
			developmentRegion = en;
			hasScannedForEncodings = 0;
			knownRegions = (
				en,
				Base,
			);
			mainGroup = 7AA4E5A629F82C1000ED785D;
			productRefGroup = 7AA4E5B029F82C1000ED785D /* Products */;
			projectDirPath = "";
			projectRoot = "";
			targets = (
				7AA4E5AE29F82C1000ED785D /* Snapshot */,
				7AA4E5C429F82C1200ED785D /* SnapshotTests */,
				7AA4E5CE29F82C1300ED785D /* SnapshotUITests */,
			);
		};
/* End PBXProject section */

/* Begin PBXResourcesBuildPhase section */
		7AA4E5AD29F82C1000ED785D /* Resources */ = {
			isa = PBXResourcesBuildPhase;
			buildActionMask = 2147483647;
			files = (
				7AA4E5BF29F82C1200ED785D /* LaunchScreen.storyboard in Resources */,
				7AA4E5BC29F82C1200ED785D /* Assets.xcassets in Resources */,
				7AA4E5BA29F82C1000ED785D /* Main.storyboard in Resources */,
			);
			runOnlyForDeploymentPostprocessing = 0;
		};
		7AA4E5C329F82C1200ED785D /* Resources */ = {
			isa = PBXResourcesBuildPhase;
			buildActionMask = 2147483647;
			files = (
			);
			runOnlyForDeploymentPostprocessing = 0;
		};
		7AA4E5CD29F82C1300ED785D /* Resources */ = {
			isa = PBXResourcesBuildPhase;
			buildActionMask = 2147483647;
			files = (
			);
			runOnlyForDeploymentPostprocessing = 0;
		};
/* End PBXResourcesBuildPhase section */

/* Begin PBXSourcesBuildPhase section */
		7AA4E5AB29F82C1000ED785D /* Sources */ = {
			isa = PBXSourcesBuildPhase;
			buildActionMask = 2147483647;
			files = (
				7AA4E5B729F82C1000ED785D /* ViewController.swift in Sources */,
				7AA4E5B329F82C1000ED785D /* AppDelegate.swift in Sources */,
				7AA4E5B529F82C1000ED785D /* SceneDelegate.swift in Sources */,
			);
			runOnlyForDeploymentPostprocessing = 0;
		};
		7AA4E5C129F82C1200ED785D /* Sources */ = {
			isa = PBXSourcesBuildPhase;
			buildActionMask = 2147483647;
			files = (
				7AA4E5CA29F82C1200ED785D /* SnapshotTests.swift in Sources */,
			);
			runOnlyForDeploymentPostprocessing = 0;
		};
		7AA4E5CB29F82C1300ED785D /* Sources */ = {
			isa = PBXSourcesBuildPhase;
			buildActionMask = 2147483647;
			files = (
				7AA4E5D629F82C1300ED785D /* SnapshotUITestsLaunchTests.swift in Sources */,
				7AA4E5D429F82C1300ED785D /* SnapshotUITests.swift in Sources */,
			);
			runOnlyForDeploymentPostprocessing = 0;
		};
/* End PBXSourcesBuildPhase section */

/* Begin PBXTargetDependency section */
		7AA4E5C729F82C1200ED785D /* PBXTargetDependency */ = {
			isa = PBXTargetDependency;
			target = 7AA4E5AE29F82C1000ED785D /* Snapshot */;
			targetProxy = 7AA4E5C629F82C1200ED785D /* PBXContainerItemProxy */;
		};
		7AA4E5D129F82C1300ED785D /* PBXTargetDependency */ = {
			isa = PBXTargetDependency;
			target = 7AA4E5AE29F82C1000ED785D /* Snapshot */;
			targetProxy = 7AA4E5D029F82C1300ED785D /* PBXContainerItemProxy */;
		};
/* End PBXTargetDependency section */

/* Begin PBXVariantGroup section */
		7AA4E5B829F82C1000ED785D /* Main.storyboard */ = {
			isa = PBXVariantGroup;
			children = (
				7AA4E5B929F82C1000ED785D /* Base */,
			);
			name = Main.storyboard;
			sourceTree = "<group>";
		};
		7AA4E5BD29F82C1200ED785D /* LaunchScreen.storyboard */ = {
			isa = PBXVariantGroup;
			children = (
				7AA4E5BE29F82C1200ED785D /* Base */,
			);
			name = LaunchScreen.storyboard;
			sourceTree = "<group>";
		};
/* End PBXVariantGroup section */

/* Begin XCBuildConfiguration section */
		7AA4E5D729F82C1300ED785D /* Debug */ = {
			isa = XCBuildConfiguration;
			buildSettings = {
				ALWAYS_SEARCH_USER_PATHS = NO;
				CLANG_ANALYZER_NONNULL = YES;
				CLANG_ANALYZER_NUMBER_OBJECT_CONVERSION = YES_AGGRESSIVE;
				CLANG_CXX_LANGUAGE_STANDARD = "gnu++20";
				CLANG_ENABLE_MODULES = YES;
				CLANG_ENABLE_OBJC_ARC = YES;
				CLANG_ENABLE_OBJC_WEAK = YES;
				CLANG_WARN_BLOCK_CAPTURE_AUTORELEASING = YES;
				CLANG_WARN_BOOL_CONVERSION = YES;
				CLANG_WARN_COMMA = YES;
				CLANG_WARN_CONSTANT_CONVERSION = YES;
				CLANG_WARN_DEPRECATED_OBJC_IMPLEMENTATIONS = YES;
				CLANG_WARN_DIRECT_OBJC_ISA_USAGE = YES_ERROR;
				CLANG_WARN_DOCUMENTATION_COMMENTS = YES;
				CLANG_WARN_EMPTY_BODY = YES;
				CLANG_WARN_ENUM_CONVERSION = YES;
				CLANG_WARN_INFINITE_RECURSION = YES;
				CLANG_WARN_INT_CONVERSION = YES;
				CLANG_WARN_NON_LITERAL_NULL_CONVERSION = YES;
				CLANG_WARN_OBJC_IMPLICIT_RETAIN_SELF = YES;
				CLANG_WARN_OBJC_LITERAL_CONVERSION = YES;
				CLANG_WARN_OBJC_ROOT_CLASS = YES_ERROR;
				CLANG_WARN_QUOTED_INCLUDE_IN_FRAMEWORK_HEADER = YES;
				CLANG_WARN_RANGE_LOOP_ANALYSIS = YES;
				CLANG_WARN_STRICT_PROTOTYPES = YES;
				CLANG_WARN_SUSPICIOUS_MOVE = YES;
				CLANG_WARN_UNGUARDED_AVAILABILITY = YES_AGGRESSIVE;
				CLANG_WARN_UNREACHABLE_CODE = YES;
				CLANG_WARN__DUPLICATE_METHOD_MATCH = YES;
				COPY_PHASE_STRIP = NO;
				DEBUG_INFORMATION_FORMAT = dwarf;
				ENABLE_STRICT_OBJC_MSGSEND = YES;
				ENABLE_TESTABILITY = YES;
				GCC_C_LANGUAGE_STANDARD = gnu11;
				GCC_DYNAMIC_NO_PIC = NO;
				GCC_NO_COMMON_BLOCKS = YES;
				GCC_OPTIMIZATION_LEVEL = 0;
				GCC_PREPROCESSOR_DEFINITIONS = (
					"DEBUG=1",
					"$(inherited)",
				);
				GCC_WARN_64_TO_32_BIT_CONVERSION = YES;
				GCC_WARN_ABOUT_RETURN_TYPE = YES_ERROR;
				GCC_WARN_UNDECLARED_SELECTOR = YES;
				GCC_WARN_UNINITIALIZED_AUTOS = YES_AGGRESSIVE;
				GCC_WARN_UNUSED_FUNCTION = YES;
				GCC_WARN_UNUSED_VARIABLE = YES;
				IPHONEOS_DEPLOYMENT_TARGET = 16.4;
				MTL_ENABLE_DEBUG_INFO = INCLUDE_SOURCE;
				MTL_FAST_MATH = YES;
				ONLY_ACTIVE_ARCH = YES;
				SDKROOT = iphoneos;
				SWIFT_ACTIVE_COMPILATION_CONDITIONS = DEBUG;
				SWIFT_OPTIMIZATION_LEVEL = "-Onone";
			};
			name = Debug;
		};
		7AA4E5D829F82C1300ED785D /* Release */ = {
			isa = XCBuildConfiguration;
			buildSettings = {
				ALWAYS_SEARCH_USER_PATHS = NO;
				CLANG_ANALYZER_NONNULL = YES;
				CLANG_ANALYZER_NUMBER_OBJECT_CONVERSION = YES_AGGRESSIVE;
				CLANG_CXX_LANGUAGE_STANDARD = "gnu++20";
				CLANG_ENABLE_MODULES = YES;
				CLANG_ENABLE_OBJC_ARC = YES;
				CLANG_ENABLE_OBJC_WEAK = YES;
				CLANG_WARN_BLOCK_CAPTURE_AUTORELEASING = YES;
				CLANG_WARN_BOOL_CONVERSION = YES;
				CLANG_WARN_COMMA = YES;
				CLANG_WARN_CONSTANT_CONVERSION = YES;
				CLANG_WARN_DEPRECATED_OBJC_IMPLEMENTATIONS = YES;
				CLANG_WARN_DIRECT_OBJC_ISA_USAGE = YES_ERROR;
				CLANG_WARN_DOCUMENTATION_COMMENTS = YES;
				CLANG_WARN_EMPTY_BODY = YES;
				CLANG_WARN_ENUM_CONVERSION = YES;
				CLANG_WARN_INFINITE_RECURSION = YES;
				CLANG_WARN_INT_CONVERSION = YES;
				CLANG_WARN_NON_LITERAL_NULL_CONVERSION = YES;
				CLANG_WARN_OBJC_IMPLICIT_RETAIN_SELF = YES;
				CLANG_WARN_OBJC_LITERAL_CONVERSION = YES;
				CLANG_WARN_OBJC_ROOT_CLASS = YES_ERROR;
				CLANG_WARN_QUOTED_INCLUDE_IN_FRAMEWORK_HEADER = YES;
				CLANG_WARN_RANGE_LOOP_ANALYSIS = YES;
				CLANG_WARN_STRICT_PROTOTYPES = YES;
				CLANG_WARN_SUSPICIOUS_MOVE = YES;
				CLANG_WARN_UNGUARDED_AVAILABILITY = YES_AGGRESSIVE;
				CLANG_WARN_UNREACHABLE_CODE = YES;
				CLANG_WARN__DUPLICATE_METHOD_MATCH = YES;
				COPY_PHASE_STRIP = NO;
				DEBUG_INFORMATION_FORMAT = "dwarf-with-dsym";
				ENABLE_NS_ASSERTIONS = NO;
				ENABLE_STRICT_OBJC_MSGSEND = YES;
				GCC_C_LANGUAGE_STANDARD = gnu11;
				GCC_NO_COMMON_BLOCKS = YES;
				GCC_WARN_64_TO_32_BIT_CONVERSION = YES;
				GCC_WARN_ABOUT_RETURN_TYPE = YES_ERROR;
				GCC_WARN_UNDECLARED_SELECTOR = YES;
				GCC_WARN_UNINITIALIZED_AUTOS = YES_AGGRESSIVE;
				GCC_WARN_UNUSED_FUNCTION = YES;
				GCC_WARN_UNUSED_VARIABLE = YES;
				IPHONEOS_DEPLOYMENT_TARGET = 16.4;
				MTL_ENABLE_DEBUG_INFO = NO;
				MTL_FAST_MATH = YES;
				SDKROOT = iphoneos;
				SWIFT_COMPILATION_MODE = wholemodule;
				SWIFT_OPTIMIZATION_LEVEL = "-O";
				VALIDATE_PRODUCT = YES;
			};
			name = Release;
		};
		7AA4E5DA29F82C1300ED785D /* Debug */ = {
			isa = XCBuildConfiguration;
			buildSettings = {
				ASSETCATALOG_COMPILER_APPICON_NAME = AppIcon;
				ASSETCATALOG_COMPILER_GLOBAL_ACCENT_COLOR_NAME = AccentColor;
				CODE_SIGN_STYLE = Automatic;
				CURRENT_PROJECT_VERSION = 1;
				DEVELOPMENT_TEAM = 8T8Q835Q57;
				GENERATE_INFOPLIST_FILE = YES;
				INFOPLIST_FILE = Snapshot/Info.plist;
				INFOPLIST_KEY_UIApplicationSupportsIndirectInputEvents = YES;
				INFOPLIST_KEY_UILaunchStoryboardName = LaunchScreen;
				INFOPLIST_KEY_UIMainStoryboardFile = Main;
				INFOPLIST_KEY_UISupportedInterfaceOrientations_iPad = "UIInterfaceOrientationPortrait UIInterfaceOrientationPortraitUpsideDown UIInterfaceOrientationLandscapeLeft UIInterfaceOrientationLandscapeRight";
				INFOPLIST_KEY_UISupportedInterfaceOrientations_iPhone = "UIInterfaceOrientationPortrait UIInterfaceOrientationLandscapeLeft UIInterfaceOrientationLandscapeRight";
				LD_RUNPATH_SEARCH_PATHS = (
					"$(inherited)",
					"@executable_path/Frameworks",
				);
				MARKETING_VERSION = 1.0;
				PRODUCT_BUNDLE_IDENTIFIER = com.imparedes.test.Snapshot;
				PRODUCT_NAME = "$(TARGET_NAME)";
				SWIFT_EMIT_LOC_STRINGS = YES;
				SWIFT_VERSION = 5.0;
				TARGETED_DEVICE_FAMILY = "1,2";
			};
			name = Debug;
		};
		7AA4E5DB29F82C1300ED785D /* Release */ = {
			isa = XCBuildConfiguration;
			buildSettings = {
				ASSETCATALOG_COMPILER_APPICON_NAME = AppIcon;
				ASSETCATALOG_COMPILER_GLOBAL_ACCENT_COLOR_NAME = AccentColor;
				CODE_SIGN_STYLE = Automatic;
				CURRENT_PROJECT_VERSION = 1;
				DEVELOPMENT_TEAM = 8T8Q835Q57;
				GENERATE_INFOPLIST_FILE = YES;
				INFOPLIST_FILE = Snapshot/Info.plist;
				INFOPLIST_KEY_UIApplicationSupportsIndirectInputEvents = YES;
				INFOPLIST_KEY_UILaunchStoryboardName = LaunchScreen;
				INFOPLIST_KEY_UIMainStoryboardFile = Main;
				INFOPLIST_KEY_UISupportedInterfaceOrientations_iPad = "UIInterfaceOrientationPortrait UIInterfaceOrientationPortraitUpsideDown UIInterfaceOrientationLandscapeLeft UIInterfaceOrientationLandscapeRight";
				INFOPLIST_KEY_UISupportedInterfaceOrientations_iPhone = "UIInterfaceOrientationPortrait UIInterfaceOrientationLandscapeLeft UIInterfaceOrientationLandscapeRight";
				LD_RUNPATH_SEARCH_PATHS = (
					"$(inherited)",
					"@executable_path/Frameworks",
				);
				MARKETING_VERSION = 1.0;
				PRODUCT_BUNDLE_IDENTIFIER = com.imparedes.test.Snapshot;
				PRODUCT_NAME = "$(TARGET_NAME)";
				SWIFT_EMIT_LOC_STRINGS = YES;
				SWIFT_VERSION = 5.0;
				TARGETED_DEVICE_FAMILY = "1,2";
			};
			name = Release;
		};
		7AA4E5DD29F82C1300ED785D /* Debug */ = {
			isa = XCBuildConfiguration;
			buildSettings = {
				ALWAYS_EMBED_SWIFT_STANDARD_LIBRARIES = YES;
				BUNDLE_LOADER = "$(TEST_HOST)";
				CODE_SIGN_STYLE = Automatic;
				CURRENT_PROJECT_VERSION = 1;
				DEVELOPMENT_TEAM = 8T8Q835Q57;
				GENERATE_INFOPLIST_FILE = YES;
				IPHONEOS_DEPLOYMENT_TARGET = 16.4;
				MARKETING_VERSION = 1.0;
				PRODUCT_BUNDLE_IDENTIFIER = com.imparedes.test.SnapshotTests;
				PRODUCT_NAME = "$(TARGET_NAME)";
				SWIFT_EMIT_LOC_STRINGS = NO;
				SWIFT_VERSION = 5.0;
				TARGETED_DEVICE_FAMILY = "1,2";
				TEST_HOST = "$(BUILT_PRODUCTS_DIR)/Snapshot.app/$(BUNDLE_EXECUTABLE_FOLDER_PATH)/Snapshot";
			};
			name = Debug;
		};
		7AA4E5DE29F82C1300ED785D /* Release */ = {
			isa = XCBuildConfiguration;
			buildSettings = {
				ALWAYS_EMBED_SWIFT_STANDARD_LIBRARIES = YES;
				BUNDLE_LOADER = "$(TEST_HOST)";
				CODE_SIGN_STYLE = Automatic;
				CURRENT_PROJECT_VERSION = 1;
				DEVELOPMENT_TEAM = 8T8Q835Q57;
				GENERATE_INFOPLIST_FILE = YES;
				IPHONEOS_DEPLOYMENT_TARGET = 16.4;
				MARKETING_VERSION = 1.0;
				PRODUCT_BUNDLE_IDENTIFIER = com.imparedes.test.SnapshotTests;
				PRODUCT_NAME = "$(TARGET_NAME)";
				SWIFT_EMIT_LOC_STRINGS = NO;
				SWIFT_VERSION = 5.0;
				TARGETED_DEVICE_FAMILY = "1,2";
				TEST_HOST = "$(BUILT_PRODUCTS_DIR)/Snapshot.app/$(BUNDLE_EXECUTABLE_FOLDER_PATH)/Snapshot";
			};
			name = Release;
		};
		7AA4E5E029F82C1300ED785D /* Debug */ = {
			isa = XCBuildConfiguration;
			buildSettings = {
				ALWAYS_EMBED_SWIFT_STANDARD_LIBRARIES = YES;
				CODE_SIGN_STYLE = Automatic;
				CURRENT_PROJECT_VERSION = 1;
				DEVELOPMENT_TEAM = 8T8Q835Q57;
				GENERATE_INFOPLIST_FILE = YES;
				MARKETING_VERSION = 1.0;
				PRODUCT_BUNDLE_IDENTIFIER = com.imparedes.test.SnapshotUITests;
				PRODUCT_NAME = "$(TARGET_NAME)";
				SWIFT_EMIT_LOC_STRINGS = NO;
				SWIFT_VERSION = 5.0;
				TARGETED_DEVICE_FAMILY = "1,2";
				TEST_TARGET_NAME = Snapshot;
			};
			name = Debug;
		};
		7AA4E5E129F82C1300ED785D /* Release */ = {
			isa = XCBuildConfiguration;
			buildSettings = {
				ALWAYS_EMBED_SWIFT_STANDARD_LIBRARIES = YES;
				CODE_SIGN_STYLE = Automatic;
				CURRENT_PROJECT_VERSION = 1;
				DEVELOPMENT_TEAM = 8T8Q835Q57;
				GENERATE_INFOPLIST_FILE = YES;
				MARKETING_VERSION = 1.0;
				PRODUCT_BUNDLE_IDENTIFIER = com.imparedes.test.SnapshotUITests;
				PRODUCT_NAME = "$(TARGET_NAME)";
				SWIFT_EMIT_LOC_STRINGS = NO;
				SWIFT_VERSION = 5.0;
				TARGETED_DEVICE_FAMILY = "1,2";
				TEST_TARGET_NAME = Snapshot;
			};
			name = Release;
		};
/* End XCBuildConfiguration section */

/* Begin XCConfigurationList section */
		7AA4E5AA29F82C1000ED785D /* Build configuration list for PBXProject "Snapshot" */ = {
			isa = XCConfigurationList;
			buildConfigurations = (
				7AA4E5D729F82C1300ED785D /* Debug */,
				7AA4E5D829F82C1300ED785D /* Release */,
			);
			defaultConfigurationIsVisible = 0;
			defaultConfigurationName = Release;
		};
		7AA4E5D929F82C1300ED785D /* Build configuration list for PBXNativeTarget "Snapshot" */ = {
			isa = XCConfigurationList;
			buildConfigurations = (
				7AA4E5DA29F82C1300ED785D /* Debug */,
				7AA4E5DB29F82C1300ED785D /* Release */,
			);
			defaultConfigurationIsVisible = 0;
			defaultConfigurationName = Release;
		};
		7AA4E5DC29F82C1300ED785D /* Build configuration list for PBXNativeTarget "SnapshotTests" */ = {
			isa = XCConfigurationList;
			buildConfigurations = (
				7AA4E5DD29F82C1300ED785D /* Debug */,
				7AA4E5DE29F82C1300ED785D /* Release */,
			);
			defaultConfigurationIsVisible = 0;
			defaultConfigurationName = Release;
		};
		7AA4E5DF29F82C1300ED785D /* Build configuration list for PBXNativeTarget "SnapshotUITests" */ = {
			isa = XCConfigurationList;
			buildConfigurations = (
				7AA4E5E029F82C1300ED785D /* Debug */,
				7AA4E5E129F82C1300ED785D /* Release */,
			);
			defaultConfigurationIsVisible = 0;
			defaultConfigurationName = Release;
		};
/* End XCConfigurationList section */
	};
	rootObject = 7AA4E5A729F82C1000ED785D /* Project object */;
}
