// !$*UTF8*$!
{
	archiveVersion = 1;
	classes = {
	};
	objectVersion = 56;
	objects = {

/* Begin PBXBuildFile section */
		7A294BFA29C3C70800B13A16 /* TestingAppDelegate.swift in Sources */ = {isa = PBXBuildFile; fileRef = 7A294BF929C3C70800B13A16 /* TestingAppDelegate.swift */; };
		7A294BFC29C3C8A400B13A16 /* main.swift in Sources */ = {isa = PBXBuildFile; fileRef = 7A294BFB29C3C8A400B13A16 /* main.swift */; };
		7AAA0CE129B91BF5008A4B31 /* AppDelegate.swift in Sources */ = {isa = PBXBuildFile; fileRef = 7AAA0CE029B91BF5008A4B31 /* AppDelegate.swift */; };
		7AAA0CE329B91BF5008A4B31 /* SceneDelegate.swift in Sources */ = {isa = PBXBuildFile; fileRef = 7AAA0CE229B91BF5008A4B31 /* SceneDelegate.swift */; };
		7AAA0CE529B91BF5008A4B31 /* ViewController.swift in Sources */ = {isa = PBXBuildFile; fileRef = 7AAA0CE429B91BF5008A4B31 /* ViewController.swift */; };
		7AAA0CE829B91BF5008A4B31 /* Main.storyboard in Resources */ = {isa = PBXBuildFile; fileRef = 7AAA0CE629B91BF5008A4B31 /* Main.storyboard */; };
		7AAA0CEA29B91BF8008A4B31 /* Assets.xcassets in Resources */ = {isa = PBXBuildFile; fileRef = 7AAA0CE929B91BF8008A4B31 /* Assets.xcassets */; };
		7AAA0CED29B91BF8008A4B31 /* LaunchScreen.storyboard in Resources */ = {isa = PBXBuildFile; fileRef = 7AAA0CEB29B91BF8008A4B31 /* LaunchScreen.storyboard */; };
		7AAA0CF829B91BF9008A4B31 /* AppLaunchTests.swift in Sources */ = {isa = PBXBuildFile; fileRef = 7AAA0CF729B91BF9008A4B31 /* AppLaunchTests.swift */; };
		7AAA0D0229B91BF9008A4B31 /* AppLaunchUITests.swift in Sources */ = {isa = PBXBuildFile; fileRef = 7AAA0D0129B91BF9008A4B31 /* AppLaunchUITests.swift */; };
		7AAA0D0429B91BF9008A4B31 /* AppLaunchUITestsLaunchTests.swift in Sources */ = {isa = PBXBuildFile; fileRef = 7AAA0D0329B91BF9008A4B31 /* AppLaunchUITestsLaunchTests.swift */; };
/* End PBXBuildFile section */

/* Begin PBXContainerItemProxy section */
		7AAA0CF429B91BF9008A4B31 /* PBXContainerItemProxy */ = {
			isa = PBXContainerItemProxy;
			containerPortal = 7AAA0CD529B91BF5008A4B31 /* Project object */;
			proxyType = 1;
			remoteGlobalIDString = 7AAA0CDC29B91BF5008A4B31;
			remoteInfo = AppLaunch;
		};
		7AAA0CFE29B91BF9008A4B31 /* PBXContainerItemProxy */ = {
			isa = PBXContainerItemProxy;
			containerPortal = 7AAA0CD529B91BF5008A4B31 /* Project object */;
			proxyType = 1;
			remoteGlobalIDString = 7AAA0CDC29B91BF5008A4B31;
			remoteInfo = AppLaunch;
		};
/* End PBXContainerItemProxy section */

/* Begin PBXFileReference section */
		7A294BF929C3C70800B13A16 /* TestingAppDelegate.swift */ = {isa = PBXFileReference; lastKnownFileType = sourcecode.swift; path = TestingAppDelegate.swift; sourceTree = "<group>"; };
		7A294BFB29C3C8A400B13A16 /* main.swift */ = {isa = PBXFileReference; lastKnownFileType = sourcecode.swift; path = main.swift; sourceTree = "<group>"; };
		7AAA0CDD29B91BF5008A4B31 /* AppLaunch.app */ = {isa = PBXFileReference; explicitFileType = wrapper.application; includeInIndex = 0; path = AppLaunch.app; sourceTree = BUILT_PRODUCTS_DIR; };
		7AAA0CE029B91BF5008A4B31 /* AppDelegate.swift */ = {isa = PBXFileReference; lastKnownFileType = sourcecode.swift; path = AppDelegate.swift; sourceTree = "<group>"; };
		7AAA0CE229B91BF5008A4B31 /* SceneDelegate.swift */ = {isa = PBXFileReference; lastKnownFileType = sourcecode.swift; path = SceneDelegate.swift; sourceTree = "<group>"; };
		7AAA0CE429B91BF5008A4B31 /* ViewController.swift */ = {isa = PBXFileReference; lastKnownFileType = sourcecode.swift; path = ViewController.swift; sourceTree = "<group>"; };
		7AAA0CE729B91BF5008A4B31 /* Base */ = {isa = PBXFileReference; lastKnownFileType = file.storyboard; name = Base; path = Base.lproj/Main.storyboard; sourceTree = "<group>"; };
		7AAA0CE929B91BF8008A4B31 /* Assets.xcassets */ = {isa = PBXFileReference; lastKnownFileType = folder.assetcatalog; path = Assets.xcassets; sourceTree = "<group>"; };
		7AAA0CEC29B91BF8008A4B31 /* Base */ = {isa = PBXFileReference; lastKnownFileType = file.storyboard; name = Base; path = Base.lproj/LaunchScreen.storyboard; sourceTree = "<group>"; };
		7AAA0CEE29B91BF8008A4B31 /* Info.plist */ = {isa = PBXFileReference; lastKnownFileType = text.plist.xml; path = Info.plist; sourceTree = "<group>"; };
		7AAA0CF329B91BF9008A4B31 /* AppLaunchTests.xctest */ = {isa = PBXFileReference; explicitFileType = wrapper.cfbundle; includeInIndex = 0; path = AppLaunchTests.xctest; sourceTree = BUILT_PRODUCTS_DIR; };
		7AAA0CF729B91BF9008A4B31 /* AppLaunchTests.swift */ = {isa = PBXFileReference; lastKnownFileType = sourcecode.swift; path = AppLaunchTests.swift; sourceTree = "<group>"; };
		7AAA0CFD29B91BF9008A4B31 /* AppLaunchUITests.xctest */ = {isa = PBXFileReference; explicitFileType = wrapper.cfbundle; includeInIndex = 0; path = AppLaunchUITests.xctest; sourceTree = BUILT_PRODUCTS_DIR; };
		7AAA0D0129B91BF9008A4B31 /* AppLaunchUITests.swift */ = {isa = PBXFileReference; lastKnownFileType = sourcecode.swift; path = AppLaunchUITests.swift; sourceTree = "<group>"; };
		7AAA0D0329B91BF9008A4B31 /* AppLaunchUITestsLaunchTests.swift */ = {isa = PBXFileReference; lastKnownFileType = sourcecode.swift; path = AppLaunchUITestsLaunchTests.swift; sourceTree = "<group>"; };
/* End PBXFileReference section */

/* Begin PBXFrameworksBuildPhase section */
		7AAA0CDA29B91BF5008A4B31 /* Frameworks */ = {
			isa = PBXFrameworksBuildPhase;
			buildActionMask = 2147483647;
			files = (
			);
			runOnlyForDeploymentPostprocessing = 0;
		};
		7AAA0CF029B91BF9008A4B31 /* Frameworks */ = {
			isa = PBXFrameworksBuildPhase;
			buildActionMask = 2147483647;
			files = (
			);
			runOnlyForDeploymentPostprocessing = 0;
		};
		7AAA0CFA29B91BF9008A4B31 /* Frameworks */ = {
			isa = PBXFrameworksBuildPhase;
			buildActionMask = 2147483647;
			files = (
			);
			runOnlyForDeploymentPostprocessing = 0;
		};
/* End PBXFrameworksBuildPhase section */

/* Begin PBXGroup section */
		7AAA0CD429B91BF5008A4B31 = {
			isa = PBXGroup;
			children = (
				7AAA0CDF29B91BF5008A4B31 /* AppLaunch */,
				7AAA0CF629B91BF9008A4B31 /* AppLaunchTests */,
				7AAA0D0029B91BF9008A4B31 /* AppLaunchUITests */,
				7AAA0CDE29B91BF5008A4B31 /* Products */,
			);
			sourceTree = "<group>";
		};
		7AAA0CDE29B91BF5008A4B31 /* Products */ = {
			isa = PBXGroup;
			children = (
				7AAA0CDD29B91BF5008A4B31 /* AppLaunch.app */,
				7AAA0CF329B91BF9008A4B31 /* AppLaunchTests.xctest */,
				7AAA0CFD29B91BF9008A4B31 /* AppLaunchUITests.xctest */,
			);
			name = Products;
			sourceTree = "<group>";
		};
		7AAA0CDF29B91BF5008A4B31 /* AppLaunch */ = {
			isa = PBXGroup;
			children = (
				7AAA0CE029B91BF5008A4B31 /* AppDelegate.swift */,
				7AAA0CE229B91BF5008A4B31 /* SceneDelegate.swift */,
				7AAA0CE429B91BF5008A4B31 /* ViewController.swift */,
				7AAA0CE629B91BF5008A4B31 /* Main.storyboard */,
				7AAA0CE929B91BF8008A4B31 /* Assets.xcassets */,
				7AAA0CEB29B91BF8008A4B31 /* LaunchScreen.storyboard */,
				7AAA0CEE29B91BF8008A4B31 /* Info.plist */,
				7A294BFB29C3C8A400B13A16 /* main.swift */,
			);
			path = AppLaunch;
			sourceTree = "<group>";
		};
		7AAA0CF629B91BF9008A4B31 /* AppLaunchTests */ = {
			isa = PBXGroup;
			children = (
				7AAA0CF729B91BF9008A4B31 /* AppLaunchTests.swift */,
				7A294BF929C3C70800B13A16 /* TestingAppDelegate.swift */,
			);
			path = AppLaunchTests;
			sourceTree = "<group>";
		};
		7AAA0D0029B91BF9008A4B31 /* AppLaunchUITests */ = {
			isa = PBXGroup;
			children = (
				7AAA0D0129B91BF9008A4B31 /* AppLaunchUITests.swift */,
				7AAA0D0329B91BF9008A4B31 /* AppLaunchUITestsLaunchTests.swift */,
			);
			path = AppLaunchUITests;
			sourceTree = "<group>";
		};
/* End PBXGroup section */

/* Begin PBXNativeTarget section */
		7AAA0CDC29B91BF5008A4B31 /* AppLaunch */ = {
			isa = PBXNativeTarget;
			buildConfigurationList = 7AAA0D0729B91BF9008A4B31 /* Build configuration list for PBXNativeTarget "AppLaunch" */;
			buildPhases = (
				7AAA0CD929B91BF5008A4B31 /* Sources */,
				7AAA0CDA29B91BF5008A4B31 /* Frameworks */,
				7AAA0CDB29B91BF5008A4B31 /* Resources */,
			);
			buildRules = (
			);
			dependencies = (
			);
			name = AppLaunch;
			productName = AppLaunch;
			productReference = 7AAA0CDD29B91BF5008A4B31 /* AppLaunch.app */;
			productType = "com.apple.product-type.application";
		};
		7AAA0CF229B91BF9008A4B31 /* AppLaunchTests */ = {
			isa = PBXNativeTarget;
			buildConfigurationList = 7AAA0D0A29B91BF9008A4B31 /* Build configuration list for PBXNativeTarget "AppLaunchTests" */;
			buildPhases = (
				7AAA0CEF29B91BF9008A4B31 /* Sources */,
				7AAA0CF029B91BF9008A4B31 /* Frameworks */,
				7AAA0CF129B91BF9008A4B31 /* Resources */,
			);
			buildRules = (
			);
			dependencies = (
				7AAA0CF529B91BF9008A4B31 /* PBXTargetDependency */,
			);
			name = AppLaunchTests;
			productName = AppLaunchTests;
			productReference = 7AAA0CF329B91BF9008A4B31 /* AppLaunchTests.xctest */;
			productType = "com.apple.product-type.bundle.unit-test";
		};
		7AAA0CFC29B91BF9008A4B31 /* AppLaunchUITests */ = {
			isa = PBXNativeTarget;
			buildConfigurationList = 7AAA0D0D29B91BF9008A4B31 /* Build configuration list for PBXNativeTarget "AppLaunchUITests" */;
			buildPhases = (
				7AAA0CF929B91BF9008A4B31 /* Sources */,
				7AAA0CFA29B91BF9008A4B31 /* Frameworks */,
				7AAA0CFB29B91BF9008A4B31 /* Resources */,
			);
			buildRules = (
			);
			dependencies = (
				7AAA0CFF29B91BF9008A4B31 /* PBXTargetDependency */,
			);
			name = AppLaunchUITests;
			productName = AppLaunchUITests;
			productReference = 7AAA0CFD29B91BF9008A4B31 /* AppLaunchUITests.xctest */;
			productType = "com.apple.product-type.bundle.ui-testing";
		};
/* End PBXNativeTarget section */

/* Begin PBXProject section */
		7AAA0CD529B91BF5008A4B31 /* Project object */ = {
			isa = PBXProject;
			attributes = {
				BuildIndependentTargetsInParallel = 1;
				LastSwiftUpdateCheck = 1420;
				LastUpgradeCheck = 1420;
				TargetAttributes = {
					7AAA0CDC29B91BF5008A4B31 = {
						CreatedOnToolsVersion = 14.2;
					};
					7AAA0CF229B91BF9008A4B31 = {
						CreatedOnToolsVersion = 14.2;
						TestTargetID = 7AAA0CDC29B91BF5008A4B31;
					};
					7AAA0CFC29B91BF9008A4B31 = {
						CreatedOnToolsVersion = 14.2;
						TestTargetID = 7AAA0CDC29B91BF5008A4B31;
					};
				};
			};
			buildConfigurationList = 7AAA0CD829B91BF5008A4B31 /* Build configuration list for PBXProject "AppLaunch" */;
			compatibilityVersion = "Xcode 14.0";
			developmentRegion = en;
			hasScannedForEncodings = 0;
			knownRegions = (
				en,
				Base,
			);
			mainGroup = 7AAA0CD429B91BF5008A4B31;
			productRefGroup = 7AAA0CDE29B91BF5008A4B31 /* Products */;
			projectDirPath = "";
			projectRoot = "";
			targets = (
				7AAA0CDC29B91BF5008A4B31 /* AppLaunch */,
				7AAA0CF229B91BF9008A4B31 /* AppLaunchTests */,
				7AAA0CFC29B91BF9008A4B31 /* AppLaunchUITests */,
			);
		};
/* End PBXProject section */

/* Begin PBXResourcesBuildPhase section */
		7AAA0CDB29B91BF5008A4B31 /* Resources */ = {
			isa = PBXResourcesBuildPhase;
			buildActionMask = 2147483647;
			files = (
				7AAA0CED29B91BF8008A4B31 /* LaunchScreen.storyboard in Resources */,
				7AAA0CEA29B91BF8008A4B31 /* Assets.xcassets in Resources */,
				7AAA0CE829B91BF5008A4B31 /* Main.storyboard in Resources */,
			);
			runOnlyForDeploymentPostprocessing = 0;
		};
		7AAA0CF129B91BF9008A4B31 /* Resources */ = {
			isa = PBXResourcesBuildPhase;
			buildActionMask = 2147483647;
			files = (
			);
			runOnlyForDeploymentPostprocessing = 0;
		};
		7AAA0CFB29B91BF9008A4B31 /* Resources */ = {
			isa = PBXResourcesBuildPhase;
			buildActionMask = 2147483647;
			files = (
			);
			runOnlyForDeploymentPostprocessing = 0;
		};
/* End PBXResourcesBuildPhase section */

/* Begin PBXSourcesBuildPhase section */
		7AAA0CD929B91BF5008A4B31 /* Sources */ = {
			isa = PBXSourcesBuildPhase;
			buildActionMask = 2147483647;
			files = (
				7AAA0CE529B91BF5008A4B31 /* ViewController.swift in Sources */,
				7AAA0CE129B91BF5008A4B31 /* AppDelegate.swift in Sources */,
				7A294BFC29C3C8A400B13A16 /* main.swift in Sources */,
				7AAA0CE329B91BF5008A4B31 /* SceneDelegate.swift in Sources */,
			);
			runOnlyForDeploymentPostprocessing = 0;
		};
		7AAA0CEF29B91BF9008A4B31 /* Sources */ = {
			isa = PBXSourcesBuildPhase;
			buildActionMask = 2147483647;
			files = (
				7AAA0CF829B91BF9008A4B31 /* AppLaunchTests.swift in Sources */,
				7A294BFA29C3C70800B13A16 /* TestingAppDelegate.swift in Sources */,
			);
			runOnlyForDeploymentPostprocessing = 0;
		};
		7AAA0CF929B91BF9008A4B31 /* Sources */ = {
			isa = PBXSourcesBuildPhase;
			buildActionMask = 2147483647;
			files = (
				7AAA0D0229B91BF9008A4B31 /* AppLaunchUITests.swift in Sources */,
				7AAA0D0429B91BF9008A4B31 /* AppLaunchUITestsLaunchTests.swift in Sources */,
			);
			runOnlyForDeploymentPostprocessing = 0;
		};
/* End PBXSourcesBuildPhase section */

/* Begin PBXTargetDependency section */
		7AAA0CF529B91BF9008A4B31 /* PBXTargetDependency */ = {
			isa = PBXTargetDependency;
			target = 7AAA0CDC29B91BF5008A4B31 /* AppLaunch */;
			targetProxy = 7AAA0CF429B91BF9008A4B31 /* PBXContainerItemProxy */;
		};
		7AAA0CFF29B91BF9008A4B31 /* PBXTargetDependency */ = {
			isa = PBXTargetDependency;
			target = 7AAA0CDC29B91BF5008A4B31 /* AppLaunch */;
			targetProxy = 7AAA0CFE29B91BF9008A4B31 /* PBXContainerItemProxy */;
		};
/* End PBXTargetDependency section */

/* Begin PBXVariantGroup section */
		7AAA0CE629B91BF5008A4B31 /* Main.storyboard */ = {
			isa = PBXVariantGroup;
			children = (
				7AAA0CE729B91BF5008A4B31 /* Base */,
			);
			name = Main.storyboard;
			sourceTree = "<group>";
		};
		7AAA0CEB29B91BF8008A4B31 /* LaunchScreen.storyboard */ = {
			isa = PBXVariantGroup;
			children = (
				7AAA0CEC29B91BF8008A4B31 /* Base */,
			);
			name = LaunchScreen.storyboard;
			sourceTree = "<group>";
		};
/* End PBXVariantGroup section */

/* Begin XCBuildConfiguration section */
		7AAA0D0529B91BF9008A4B31 /* Debug */ = {
			isa = XCBuildConfiguration;
			buildSettings = {
				ALWAYS_SEARCH_USER_PATHS = NO;
				CLANG_ANALYZER_NONNULL = YES;
				CLANG_ANALYZER_NUMBER_OBJECT_CONVERSION = YES_AGGRESSIVE;
				CLANG_CXX_LANGUAGE_STANDARD = "gnu++20";
				CLANG_ENABLE_MODULES = YES;
				CLANG_ENABLE_OBJC_ARC = YES;
				CLANG_ENABLE_OBJC_WEAK = YES;
				CLANG_WARN_BLOCK_CAPTURE_AUTORELEASING = YES;
				CLANG_WARN_BOOL_CONVERSION = YES;
				CLANG_WARN_COMMA = YES;
				CLANG_WARN_CONSTANT_CONVERSION = YES;
				CLANG_WARN_DEPRECATED_OBJC_IMPLEMENTATIONS = YES;
				CLANG_WARN_DIRECT_OBJC_ISA_USAGE = YES_ERROR;
				CLANG_WARN_DOCUMENTATION_COMMENTS = YES;
				CLANG_WARN_EMPTY_BODY = YES;
				CLANG_WARN_ENUM_CONVERSION = YES;
				CLANG_WARN_INFINITE_RECURSION = YES;
				CLANG_WARN_INT_CONVERSION = YES;
				CLANG_WARN_NON_LITERAL_NULL_CONVERSION = YES;
				CLANG_WARN_OBJC_IMPLICIT_RETAIN_SELF = YES;
				CLANG_WARN_OBJC_LITERAL_CONVERSION = YES;
				CLANG_WARN_OBJC_ROOT_CLASS = YES_ERROR;
				CLANG_WARN_QUOTED_INCLUDE_IN_FRAMEWORK_HEADER = YES;
				CLANG_WARN_RANGE_LOOP_ANALYSIS = YES;
				CLANG_WARN_STRICT_PROTOTYPES = YES;
				CLANG_WARN_SUSPICIOUS_MOVE = YES;
				CLANG_WARN_UNGUARDED_AVAILABILITY = YES_AGGRESSIVE;
				CLANG_WARN_UNREACHABLE_CODE = YES;
				CLANG_WARN__DUPLICATE_METHOD_MATCH = YES;
				COPY_PHASE_STRIP = NO;
				DEBUG_INFORMATION_FORMAT = dwarf;
				ENABLE_STRICT_OBJC_MSGSEND = YES;
				ENABLE_TESTABILITY = YES;
				GCC_C_LANGUAGE_STANDARD = gnu11;
				GCC_DYNAMIC_NO_PIC = NO;
				GCC_NO_COMMON_BLOCKS = YES;
				GCC_OPTIMIZATION_LEVEL = 0;
				GCC_PREPROCESSOR_DEFINITIONS = (
					"DEBUG=1",
					"$(inherited)",
				);
				GCC_WARN_64_TO_32_BIT_CONVERSION = YES;
				GCC_WARN_ABOUT_RETURN_TYPE = YES_ERROR;
				GCC_WARN_UNDECLARED_SELECTOR = YES;
				GCC_WARN_UNINITIALIZED_AUTOS = YES_AGGRESSIVE;
				GCC_WARN_UNUSED_FUNCTION = YES;
				GCC_WARN_UNUSED_VARIABLE = YES;
				IPHONEOS_DEPLOYMENT_TARGET = 16.2;
				MTL_ENABLE_DEBUG_INFO = INCLUDE_SOURCE;
				MTL_FAST_MATH = YES;
				ONLY_ACTIVE_ARCH = YES;
				SDKROOT = iphoneos;
				SWIFT_ACTIVE_COMPILATION_CONDITIONS = DEBUG;
				SWIFT_OPTIMIZATION_LEVEL = "-Onone";
			};
			name = Debug;
		};
		7AAA0D0629B91BF9008A4B31 /* Release */ = {
			isa = XCBuildConfiguration;
			buildSettings = {
				ALWAYS_SEARCH_USER_PATHS = NO;
				CLANG_ANALYZER_NONNULL = YES;
				CLANG_ANALYZER_NUMBER_OBJECT_CONVERSION = YES_AGGRESSIVE;
				CLANG_CXX_LANGUAGE_STANDARD = "gnu++20";
				CLANG_ENABLE_MODULES = YES;
				CLANG_ENABLE_OBJC_ARC = YES;
				CLANG_ENABLE_OBJC_WEAK = YES;
				CLANG_WARN_BLOCK_CAPTURE_AUTORELEASING = YES;
				CLANG_WARN_BOOL_CONVERSION = YES;
				CLANG_WARN_COMMA = YES;
				CLANG_WARN_CONSTANT_CONVERSION = YES;
				CLANG_WARN_DEPRECATED_OBJC_IMPLEMENTATIONS = YES;
				CLANG_WARN_DIRECT_OBJC_ISA_USAGE = YES_ERROR;
				CLANG_WARN_DOCUMENTATION_COMMENTS = YES;
				CLANG_WARN_EMPTY_BODY = YES;
				CLANG_WARN_ENUM_CONVERSION = YES;
				CLANG_WARN_INFINITE_RECURSION = YES;
				CLANG_WARN_INT_CONVERSION = YES;
				CLANG_WARN_NON_LITERAL_NULL_CONVERSION = YES;
				CLANG_WARN_OBJC_IMPLICIT_RETAIN_SELF = YES;
				CLANG_WARN_OBJC_LITERAL_CONVERSION = YES;
				CLANG_WARN_OBJC_ROOT_CLASS = YES_ERROR;
				CLANG_WARN_QUOTED_INCLUDE_IN_FRAMEWORK_HEADER = YES;
				CLANG_WARN_RANGE_LOOP_ANALYSIS = YES;
				CLANG_WARN_STRICT_PROTOTYPES = YES;
				CLANG_WARN_SUSPICIOUS_MOVE = YES;
				CLANG_WARN_UNGUARDED_AVAILABILITY = YES_AGGRESSIVE;
				CLANG_WARN_UNREACHABLE_CODE = YES;
				CLANG_WARN__DUPLICATE_METHOD_MATCH = YES;
				COPY_PHASE_STRIP = NO;
				DEBUG_INFORMATION_FORMAT = "dwarf-with-dsym";
				ENABLE_NS_ASSERTIONS = NO;
				ENABLE_STRICT_OBJC_MSGSEND = YES;
				GCC_C_LANGUAGE_STANDARD = gnu11;
				GCC_NO_COMMON_BLOCKS = YES;
				GCC_WARN_64_TO_32_BIT_CONVERSION = YES;
				GCC_WARN_ABOUT_RETURN_TYPE = YES_ERROR;
				GCC_WARN_UNDECLARED_SELECTOR = YES;
				GCC_WARN_UNINITIALIZED_AUTOS = YES_AGGRESSIVE;
				GCC_WARN_UNUSED_FUNCTION = YES;
				GCC_WARN_UNUSED_VARIABLE = YES;
				IPHONEOS_DEPLOYMENT_TARGET = 16.2;
				MTL_ENABLE_DEBUG_INFO = NO;
				MTL_FAST_MATH = YES;
				SDKROOT = iphoneos;
				SWIFT_COMPILATION_MODE = wholemodule;
				SWIFT_OPTIMIZATION_LEVEL = "-O";
				VALIDATE_PRODUCT = YES;
			};
			name = Release;
		};
		7AAA0D0829B91BF9008A4B31 /* Debug */ = {
			isa = XCBuildConfiguration;
			buildSettings = {
				ASSETCATALOG_COMPILER_APPICON_NAME = AppIcon;
				ASSETCATALOG_COMPILER_GLOBAL_ACCENT_COLOR_NAME = AccentColor;
				CODE_SIGN_STYLE = Automatic;
				CURRENT_PROJECT_VERSION = 1;
				DEVELOPMENT_TEAM = 8T8Q835Q57;
				GENERATE_INFOPLIST_FILE = YES;
				INFOPLIST_FILE = AppLaunch/Info.plist;
				INFOPLIST_KEY_UIApplicationSupportsIndirectInputEvents = YES;
				INFOPLIST_KEY_UILaunchStoryboardName = LaunchScreen;
				INFOPLIST_KEY_UIMainStoryboardFile = Main;
				INFOPLIST_KEY_UISupportedInterfaceOrientations_iPad = "UIInterfaceOrientationPortrait UIInterfaceOrientationPortraitUpsideDown UIInterfaceOrientationLandscapeLeft UIInterfaceOrientationLandscapeRight";
				INFOPLIST_KEY_UISupportedInterfaceOrientations_iPhone = "UIInterfaceOrientationPortrait UIInterfaceOrientationLandscapeLeft UIInterfaceOrientationLandscapeRight";
				LD_RUNPATH_SEARCH_PATHS = (
					"$(inherited)",
					"@executable_path/Frameworks",
				);
				MARKETING_VERSION = 1.0;
				PRODUCT_BUNDLE_IDENTIFIER = com.imparedes.AppLaunch;
				PRODUCT_NAME = "$(TARGET_NAME)";
				SWIFT_EMIT_LOC_STRINGS = YES;
				SWIFT_VERSION = 5.0;
				TARGETED_DEVICE_FAMILY = "1,2";
			};
			name = Debug;
		};
		7AAA0D0929B91BF9008A4B31 /* Release */ = {
			isa = XCBuildConfiguration;
			buildSettings = {
				ASSETCATALOG_COMPILER_APPICON_NAME = AppIcon;
				ASSETCATALOG_COMPILER_GLOBAL_ACCENT_COLOR_NAME = AccentColor;
				CODE_SIGN_STYLE = Automatic;
				CURRENT_PROJECT_VERSION = 1;
				DEVELOPMENT_TEAM = 8T8Q835Q57;
				GENERATE_INFOPLIST_FILE = YES;
				INFOPLIST_FILE = AppLaunch/Info.plist;
				INFOPLIST_KEY_UIApplicationSupportsIndirectInputEvents = YES;
				INFOPLIST_KEY_UILaunchStoryboardName = LaunchScreen;
				INFOPLIST_KEY_UIMainStoryboardFile = Main;
				INFOPLIST_KEY_UISupportedInterfaceOrientations_iPad = "UIInterfaceOrientationPortrait UIInterfaceOrientationPortraitUpsideDown UIInterfaceOrientationLandscapeLeft UIInterfaceOrientationLandscapeRight";
				INFOPLIST_KEY_UISupportedInterfaceOrientations_iPhone = "UIInterfaceOrientationPortrait UIInterfaceOrientationLandscapeLeft UIInterfaceOrientationLandscapeRight";
				LD_RUNPATH_SEARCH_PATHS = (
					"$(inherited)",
					"@executable_path/Frameworks",
				);
				MARKETING_VERSION = 1.0;
				PRODUCT_BUNDLE_IDENTIFIER = com.imparedes.AppLaunch;
				PRODUCT_NAME = "$(TARGET_NAME)";
				SWIFT_EMIT_LOC_STRINGS = YES;
				SWIFT_VERSION = 5.0;
				TARGETED_DEVICE_FAMILY = "1,2";
			};
			name = Release;
		};
		7AAA0D0B29B91BF9008A4B31 /* Debug */ = {
			isa = XCBuildConfiguration;
			buildSettings = {
				ALWAYS_EMBED_SWIFT_STANDARD_LIBRARIES = YES;
				BUNDLE_LOADER = "$(TEST_HOST)";
				CODE_SIGN_STYLE = Automatic;
				CURRENT_PROJECT_VERSION = 1;
				DEVELOPMENT_TEAM = 8T8Q835Q57;
				GENERATE_INFOPLIST_FILE = YES;
				IPHONEOS_DEPLOYMENT_TARGET = 16.2;
				MARKETING_VERSION = 1.0;
				PRODUCT_BUNDLE_IDENTIFIER = com.imparedes.AppLaunchTests;
				PRODUCT_NAME = "$(TARGET_NAME)";
				SWIFT_EMIT_LOC_STRINGS = NO;
				SWIFT_VERSION = 5.0;
				TARGETED_DEVICE_FAMILY = "1,2";
				TEST_HOST = "$(BUILT_PRODUCTS_DIR)/AppLaunch.app/$(BUNDLE_EXECUTABLE_FOLDER_PATH)/AppLaunch";
			};
			name = Debug;
		};
		7AAA0D0C29B91BF9008A4B31 /* Release */ = {
			isa = XCBuildConfiguration;
			buildSettings = {
				ALWAYS_EMBED_SWIFT_STANDARD_LIBRARIES = YES;
				BUNDLE_LOADER = "$(TEST_HOST)";
				CODE_SIGN_STYLE = Automatic;
				CURRENT_PROJECT_VERSION = 1;
				DEVELOPMENT_TEAM = 8T8Q835Q57;
				GENERATE_INFOPLIST_FILE = YES;
				IPHONEOS_DEPLOYMENT_TARGET = 16.2;
				MARKETING_VERSION = 1.0;
				PRODUCT_BUNDLE_IDENTIFIER = com.imparedes.AppLaunchTests;
				PRODUCT_NAME = "$(TARGET_NAME)";
				SWIFT_EMIT_LOC_STRINGS = NO;
				SWIFT_VERSION = 5.0;
				TARGETED_DEVICE_FAMILY = "1,2";
				TEST_HOST = "$(BUILT_PRODUCTS_DIR)/AppLaunch.app/$(BUNDLE_EXECUTABLE_FOLDER_PATH)/AppLaunch";
			};
			name = Release;
		};
		7AAA0D0E29B91BF9008A4B31 /* Debug */ = {
			isa = XCBuildConfiguration;
			buildSettings = {
				ALWAYS_EMBED_SWIFT_STANDARD_LIBRARIES = YES;
				CODE_SIGN_STYLE = Automatic;
				CURRENT_PROJECT_VERSION = 1;
				DEVELOPMENT_TEAM = 8T8Q835Q57;
				GENERATE_INFOPLIST_FILE = YES;
				MARKETING_VERSION = 1.0;
				PRODUCT_BUNDLE_IDENTIFIER = com.imparedes.AppLaunchUITests;
				PRODUCT_NAME = "$(TARGET_NAME)";
				SWIFT_EMIT_LOC_STRINGS = NO;
				SWIFT_VERSION = 5.0;
				TARGETED_DEVICE_FAMILY = "1,2";
				TEST_TARGET_NAME = AppLaunch;
			};
			name = Debug;
		};
		7AAA0D0F29B91BF9008A4B31 /* Release */ = {
			isa = XCBuildConfiguration;
			buildSettings = {
				ALWAYS_EMBED_SWIFT_STANDARD_LIBRARIES = YES;
				CODE_SIGN_STYLE = Automatic;
				CURRENT_PROJECT_VERSION = 1;
				DEVELOPMENT_TEAM = 8T8Q835Q57;
				GENERATE_INFOPLIST_FILE = YES;
				MARKETING_VERSION = 1.0;
				PRODUCT_BUNDLE_IDENTIFIER = com.imparedes.AppLaunchUITests;
				PRODUCT_NAME = "$(TARGET_NAME)";
				SWIFT_EMIT_LOC_STRINGS = NO;
				SWIFT_VERSION = 5.0;
				TARGETED_DEVICE_FAMILY = "1,2";
				TEST_TARGET_NAME = AppLaunch;
			};
			name = Release;
		};
/* End XCBuildConfiguration section */

/* Begin XCConfigurationList section */
		7AAA0CD829B91BF5008A4B31 /* Build configuration list for PBXProject "AppLaunch" */ = {
			isa = XCConfigurationList;
			buildConfigurations = (
				7AAA0D0529B91BF9008A4B31 /* Debug */,
				7AAA0D0629B91BF9008A4B31 /* Release */,
			);
			defaultConfigurationIsVisible = 0;
			defaultConfigurationName = Release;
		};
		7AAA0D0729B91BF9008A4B31 /* Build configuration list for PBXNativeTarget "AppLaunch" */ = {
			isa = XCConfigurationList;
			buildConfigurations = (
				7AAA0D0829B91BF9008A4B31 /* Debug */,
				7AAA0D0929B91BF9008A4B31 /* Release */,
			);
			defaultConfigurationIsVisible = 0;
			defaultConfigurationName = Release;
		};
		7AAA0D0A29B91BF9008A4B31 /* Build configuration list for PBXNativeTarget "AppLaunchTests" */ = {
			isa = XCConfigurationList;
			buildConfigurations = (
				7AAA0D0B29B91BF9008A4B31 /* Debug */,
				7AAA0D0C29B91BF9008A4B31 /* Release */,
			);
			defaultConfigurationIsVisible = 0;
			defaultConfigurationName = Release;
		};
		7AAA0D0D29B91BF9008A4B31 /* Build configuration list for PBXNativeTarget "AppLaunchUITests" */ = {
			isa = XCConfigurationList;
			buildConfigurations = (
				7AAA0D0E29B91BF9008A4B31 /* Debug */,
				7AAA0D0F29B91BF9008A4B31 /* Release */,
			);
			defaultConfigurationIsVisible = 0;
			defaultConfigurationName = Release;
		};
/* End XCConfigurationList section */
	};
	rootObject = 7AAA0CD529B91BF5008A4B31 /* Project object */;
}
